// !$*UTF8*$!
{
	archiveVersion = 1;
	classes = {
	};
	objectVersion = 56;
	objects = {

/* Begin PBXAggregateTarget section */
		EI03000000000000000000A1 /* ObjectivelyGPU-xcframework */ = {
			isa = PBXAggregateTarget;
			buildConfigurationList = EI03400000000000000000A1 /* Build configuration list for PBXAggregateTarget "ObjectivelyGPU-xcframework" */;
			buildPhases = (
				EI03100000000000000000A1 /* Run Script */,
			);
			dependencies = (
			);
			name = "ObjectivelyGPU-xcframework";
			productName = "ObjectivelyGPU-xcframework";
		};
/* End PBXAggregateTarget section */

/* Begin PBXBuildFile section */
		034285033FECAB2D6BD6AE5B /* ComputePass.h in Headers */ = {isa = PBXBuildFile; fileRef = 09B8DD26CDB7926D89445C91 /* ComputePass.h */; settings = {ATTRIBUTES = (Public, ); }; };
		2A17F0E01E5CC25A431FFBAD /* CommandBuffer.h in Headers */ = {isa = PBXBuildFile; fileRef = E71C479F7B60345FDDA44201 /* CommandBuffer.h */; settings = {ATTRIBUTES = (Public, ); }; };
		36FBB92ACB08F2078D50C84D /* CommandBuffer.c in Sources */ = {isa = PBXBuildFile; fileRef = 6C38B23048C269B804E75F03 /* CommandBuffer.c */; };
		59897FC7BCC194032E971A9B /* RenderDevice.h in Headers */ = {isa = PBXBuildFile; fileRef = 9220C57BBAA3C951D8083799 /* RenderDevice.h */; settings = {ATTRIBUTES = (Public, ); }; };
		683F683E23149C267D613EA0 /* RenderPass.h in Headers */ = {isa = PBXBuildFile; fileRef = 206D63692B601BD90F377BF5 /* RenderPass.h */; settings = {ATTRIBUTES = (Public, ); }; };
		6F351DFD232DA78A42D8B494 /* Config.h in Headers */ = {isa = PBXBuildFile; fileRef = 338EC7DCAE74C1B8C397D189 /* Config.h */; };
		86E5132F5DCCB6B674151343 /* RenderDevice.c in Sources */ = {isa = PBXBuildFile; fileRef = 77315F9BC357C97B885E883C /* RenderDevice.c */; };
		90C29A39257729BE8D4FDDF8 /* Types.h in Headers */ = {isa = PBXBuildFile; fileRef = 38F069D0DBE26C7E00B5B5EE /* Types.h */; settings = {ATTRIBUTES = (Public, ); }; };
		A09AD953AC672E0DE9D1E26D /* ObjectivelyGPU.h in Headers */ = {isa = PBXBuildFile; fileRef = C16D60B0E94469E649953EC5 /* ObjectivelyGPU.h */; settings = {ATTRIBUTES = (Public, ); }; };
		AA000000000000000000FF01 /* SDL3.xcframework in Frameworks */ = {isa = PBXBuildFile; fileRef = AA000000000000000000EE01 /* SDL3.xcframework */; };
		CCCB11DB70E4A962360A2119 /* CopyPass.c in Sources */ = {isa = PBXBuildFile; fileRef = C862954A9DD435C1FF7CD31D /* CopyPass.c */; };
		CEA0030000000000000000F1 /* Objectively.framework in Frameworks */ = {isa = PBXBuildFile; fileRef = CEA0030000000000000000F0 /* Objectively.framework */; };
		DF73824CC25298378B451056 /* CopyPass.h in Headers */ = {isa = PBXBuildFile; fileRef = 59334BDAED542AB6DE565EDD /* CopyPass.h */; settings = {ATTRIBUTES = (Public, ); }; };
		EE00100000000000000000B1 /* Hello.c in Sources */ = {isa = PBXBuildFile; fileRef = EE00010000000000000000B1 /* Hello.c */; };
		EE00110000000000000000B2 /* HelloCompute.c in Sources */ = {isa = PBXBuildFile; fileRef = EE00020000000000000000B2 /* HelloCompute.c */; };
		EE00120000000000000000B3 /* ObjectivelyGPU.framework in Frameworks */ = {isa = PBXBuildFile; fileRef = 6251F22589273797656C269E /* ObjectivelyGPU.framework */; };
		EE00130000000000000000B4 /* SDL3.xcframework in Frameworks */ = {isa = PBXBuildFile; fileRef = AA000000000000000000EE01 /* SDL3.xcframework */; };
		EE00140000000000000000B5 /* Objectively.framework in Frameworks */ = {isa = PBXBuildFile; fileRef = CEA0030000000000000000F0 /* Objectively.framework */; };
		EE00150000000000000000B6 /* ObjectivelyGPU.framework in Frameworks */ = {isa = PBXBuildFile; fileRef = 6251F22589273797656C269E /* ObjectivelyGPU.framework */; };
		EE00160000000000000000B7 /* SDL3.xcframework in Frameworks */ = {isa = PBXBuildFile; fileRef = AA000000000000000000EE01 /* SDL3.xcframework */; };
		EE00170000000000000000B8 /* Objectively.framework in Frameworks */ = {isa = PBXBuildFile; fileRef = CEA0030000000000000000F0 /* Objectively.framework */; };
		EI00100000000000000000B1 /* Hello-iOS.c in Sources */ = {isa = PBXBuildFile; fileRef = EI00010000000000000000B1 /* Hello-iOS.c */; };
		EI00300000000000000000B3 /* ObjectivelyGPU.xcframework in Frameworks */ = {isa = PBXBuildFile; fileRef = EI00050000000000000000B5 /* ObjectivelyGPU.xcframework */; };
		EI00400000000000000000B4 /* SDL3.xcframework in Frameworks */ = {isa = PBXBuildFile; fileRef = AA000000000000000000EE01 /* SDL3.xcframework */; };
		EI00500000000000000000B5 /* Objectively.xcframework in Frameworks */ = {isa = PBXBuildFile; fileRef = EI00060000000000000000B6 /* Objectively.xcframework */; };
		EI00600000000000000000B6 /* ObjectivelyGPU.xcframework in Embed Frameworks */ = {isa = PBXBuildFile; fileRef = EI00050000000000000000B5 /* ObjectivelyGPU.xcframework */; settings = {ATTRIBUTES = (CodeSignOnCopy, RemoveHeadersOnCopy, ); }; };
		EI00700000000000000000B7 /* SDL3.xcframework in Embed Frameworks */ = {isa = PBXBuildFile; fileRef = AA000000000000000000EE01 /* SDL3.xcframework */; settings = {ATTRIBUTES = (CodeSignOnCopy, RemoveHeadersOnCopy, ); }; };
		EI00800000000000000000B8 /* Objectively.xcframework in Embed Frameworks */ = {isa = PBXBuildFile; fileRef = EI00060000000000000000B6 /* Objectively.xcframework */; settings = {ATTRIBUTES = (CodeSignOnCopy, RemoveHeadersOnCopy, ); }; };
		F73340493879CD8034F99D51 /* ComputePass.c in Sources */ = {isa = PBXBuildFile; fileRef = ED8024CA4186E352C1EC4CA1 /* ComputePass.c */; };
		FF30FF2D56F9E4EA3C492CBB /* RenderPass.c in Sources */ = {isa = PBXBuildFile; fileRef = 669BE73362E651792735CB1C /* RenderPass.c */; };
/* End PBXBuildFile section */

/* Begin PBXContainerItemProxy section */
		EE00700000000000000000B1 /* PBXContainerItemProxy */ = {
			isa = PBXContainerItemProxy;
			containerPortal = 46F86FAA6BBF9AC94A7E4595 /* Project object */;
			proxyType = 1;
			remoteGlobalIDString = EA25F2CECA5EE87704453CE2;
			remoteInfo = ObjectivelyGPU;
		};
		EE00900000000000000000B1 /* PBXContainerItemProxy */ = {
			isa = PBXContainerItemProxy;
			containerPortal = 46F86FAA6BBF9AC94A7E4595 /* Project object */;
			proxyType = 1;
			remoteGlobalIDString = EA25F2CECA5EE87704453CE2;
			remoteInfo = ObjectivelyGPU;
		};
		EI04000000000000000000A1 /* PBXContainerItemProxy */ = {
			isa = PBXContainerItemProxy;
			containerPortal = 46F86FAA6BBF9AC94A7E4595 /* Project object */;
			proxyType = 1;
			remoteGlobalIDString = EI03000000000000000000A1;
			remoteInfo = "ObjectivelyGPU-xcframework";
		};
/* End PBXContainerItemProxy section */

/* Begin PBXCopyFilesBuildPhase section */
		EI00D00000000000000000B1 /* Embed Frameworks */ = {
			isa = PBXCopyFilesBuildPhase;
			buildActionMask = 2147483647;
			dstPath = "";
			dstSubfolderSpec = 10;
			files = (
				EI00600000000000000000B6 /* ObjectivelyGPU.xcframework in Embed Frameworks */,
				EI00700000000000000000B7 /* SDL3.xcframework in Embed Frameworks */,
				EI00800000000000000000B8 /* Objectively.xcframework in Embed Frameworks */,
			);
			name = "Embed Frameworks";
			runOnlyForDeploymentPostprocessing = 0;
		};
/* End PBXCopyFilesBuildPhase section */

/* Begin PBXFileReference section */
		09B8DD26CDB7926D89445C91 /* ComputePass.h */ = {isa = PBXFileReference; lastKnownFileType = sourcecode.c.h; path = ComputePass.h; sourceTree = "<group>"; };
		206D63692B601BD90F377BF5 /* RenderPass.h */ = {isa = PBXFileReference; lastKnownFileType = sourcecode.c.h; path = RenderPass.h; sourceTree = "<group>"; };
		338EC7DCAE74C1B8C397D189 /* Config.h */ = {isa = PBXFileReference; lastKnownFileType = sourcecode.c.h; path = Config.h; sourceTree = "<group>"; };
		38F069D0DBE26C7E00B5B5EE /* Types.h */ = {isa = PBXFileReference; lastKnownFileType = sourcecode.c.h; path = Types.h; sourceTree = "<group>"; };
		59334BDAED542AB6DE565EDD /* CopyPass.h */ = {isa = PBXFileReference; lastKnownFileType = sourcecode.c.h; path = CopyPass.h; sourceTree = "<group>"; };
		6251F22589273797656C269E /* ObjectivelyGPU.framework */ = {isa = PBXFileReference; explicitFileType = wrapper.framework; includeInIndex = 0; path = ObjectivelyGPU.framework; sourceTree = BUILT_PRODUCTS_DIR; };
		669BE73362E651792735CB1C /* RenderPass.c */ = {isa = PBXFileReference; lastKnownFileType = sourcecode.c.c; path = RenderPass.c; sourceTree = "<group>"; };
		6C38B23048C269B804E75F03 /* CommandBuffer.c */ = {isa = PBXFileReference; lastKnownFileType = sourcecode.c.c; path = CommandBuffer.c; sourceTree = "<group>"; };
		77315F9BC357C97B885E883C /* RenderDevice.c */ = {isa = PBXFileReference; lastKnownFileType = sourcecode.c.c; path = RenderDevice.c; sourceTree = "<group>"; };
		9220C57BBAA3C951D8083799 /* RenderDevice.h */ = {isa = PBXFileReference; lastKnownFileType = sourcecode.c.h; path = RenderDevice.h; sourceTree = "<group>"; };
		AA000000000000000000EE01 /* SDL3.xcframework */ = {isa = PBXFileReference; lastKnownFileType = wrapper.xcframework; name = SDL3.xcframework; path = Frameworks/SDL3.xcframework; sourceTree = "<group>"; };
		C16D60B0E94469E649953EC5 /* ObjectivelyGPU.h */ = {isa = PBXFileReference; lastKnownFileType = sourcecode.c.h; path = ObjectivelyGPU.h; sourceTree = "<group>"; };
		C510361664FA37CEC93731E8 /* Renderer.vert.hlsl */ = {isa = PBXFileReference; lastKnownFileType = text; path = Renderer.vert.hlsl; sourceTree = "<group>"; };
		C862954A9DD435C1FF7CD31D /* CopyPass.c */ = {isa = PBXFileReference; lastKnownFileType = sourcecode.c.c; path = CopyPass.c; sourceTree = "<group>"; };
		CEA0030000000000000000F0 /* Objectively.framework */ = {isa = PBXFileReference; explicitFileType = wrapper.framework; path = Objectively.framework; sourceTree = BUILT_PRODUCTS_DIR; };
		CEEAAFF72FED833A00FFEBE6 /* COPYING */ = {isa = PBXFileReference; lastKnownFileType = text; path = COPYING; sourceTree = "<group>"; };
		CEEAAFF82FED833A00FFEBE6 /* Makefile.am */ = {isa = PBXFileReference; lastKnownFileType = text; path = Makefile.am; sourceTree = "<group>"; };
		CEEAAFFA2FED833A00FFEBE6 /* README.md */ = {isa = PBXFileReference; lastKnownFileType = net.daringfireball.markdown; path = README.md; sourceTree = "<group>"; };
		CEEAAFFD2FED83E400FFEBE6 /* configure.ac */ = {isa = PBXFileReference; lastKnownFileType = text; path = configure.ac; sourceTree = "<group>"; };
		E71C479F7B60345FDDA44201 /* CommandBuffer.h */ = {isa = PBXFileReference; lastKnownFileType = sourcecode.c.h; path = CommandBuffer.h; sourceTree = "<group>"; };
		ED8024CA4186E352C1EC4CA1 /* ComputePass.c */ = {isa = PBXFileReference; lastKnownFileType = sourcecode.c.c; path = ComputePass.c; sourceTree = "<group>"; };
		EE00010000000000000000B1 /* Hello.c */ = {isa = PBXFileReference; lastKnownFileType = sourcecode.c.c; path = Hello.c; sourceTree = "<group>"; };
		EE00020000000000000000B2 /* HelloCompute.c */ = {isa = PBXFileReference; lastKnownFileType = sourcecode.c.c; path = HelloCompute.c; sourceTree = "<group>"; };
		EE00030000000000000000B3 /* ObjectivelyGPU-Hello */ = {isa = PBXFileReference; explicitFileType = "compiled.mach-o.executable"; includeInIndex = 0; path = "ObjectivelyGPU-Hello"; sourceTree = BUILT_PRODUCTS_DIR; };
		EE00040000000000000000B4 /* ObjectivelyGPU-HelloCompute */ = {isa = PBXFileReference; explicitFileType = "compiled.mach-o.executable"; includeInIndex = 0; path = "ObjectivelyGPU-HelloCompute"; sourceTree = BUILT_PRODUCTS_DIR; };
		EI00010000000000000000B1 /* Hello-iOS.c */ = {isa = PBXFileReference; lastKnownFileType = sourcecode.c.c; path = "Hello-iOS.c"; sourceTree = "<group>"; };
		EI00020000000000000000B2 /* Info.plist */ = {isa = PBXFileReference; lastKnownFileType = text.plist.xml; path = Info.plist; sourceTree = "<group>"; };
		EI00030000000000000000B3 /* LaunchScreen.storyboard */ = {isa = PBXFileReference; lastKnownFileType = file.storyboard; path = LaunchScreen.storyboard; sourceTree = "<group>"; };
		EI00040000000000000000B4 /* ObjectivelyGPU-Hello-iOS.app */ = {isa = PBXFileReference; explicitFileType = wrapper.application; includeInIndex = 0; path = "ObjectivelyGPU-Hello-iOS.app"; sourceTree = BUILT_PRODUCTS_DIR; };
		EI00050000000000000000B5 /* ObjectivelyGPU.xcframework */ = {isa = PBXFileReference; lastKnownFileType = wrapper.xcframework; name = ObjectivelyGPU.xcframework; path = Frameworks/ObjectivelyGPU.xcframework; sourceTree = "<group>"; };
		EI00060000000000000000B6 /* Objectively.xcframework */ = {isa = PBXFileReference; lastKnownFileType = wrapper.xcframework; name = Objectively.xcframework; path = Frameworks/Objectively.xcframework; sourceTree = "<group>"; };
		FDEE3DD81E43E5CFE68E9519 /* Renderer.frag.hlsl */ = {isa = PBXFileReference; lastKnownFileType = text; path = Renderer.frag.hlsl; sourceTree = "<group>"; };
/* End PBXFileReference section */

/* Begin PBXFrameworksBuildPhase section */
		DE1439ACCFCEB73E6F9981A5 /* Frameworks */ = {
			isa = PBXFrameworksBuildPhase;
			buildActionMask = 2147483647;
			files = (
				AA000000000000000000FF01 /* SDL3.xcframework in Frameworks */,
				CEA0030000000000000000F1 /* Objectively.framework in Frameworks */,
			);
			runOnlyForDeploymentPostprocessing = 0;
		};
		EE00400000000000000000B1 /* Frameworks */ = {
			isa = PBXFrameworksBuildPhase;
			buildActionMask = 2147483647;
			files = (
				EE00130000000000000000B4 /* SDL3.xcframework in Frameworks */,
				EE00140000000000000000B5 /* Objectively.framework in Frameworks */,
				EE00120000000000000000B3 /* ObjectivelyGPU.framework in Frameworks */,
			);
			runOnlyForDeploymentPostprocessing = 0;
		};
		EE00600000000000000000B1 /* Frameworks */ = {
			isa = PBXFrameworksBuildPhase;
			buildActionMask = 2147483647;
			files = (
				EE00160000000000000000B7 /* SDL3.xcframework in Frameworks */,
				EE00170000000000000000B8 /* Objectively.framework in Frameworks */,
				EE00150000000000000000B6 /* ObjectivelyGPU.framework in Frameworks */,
			);
			runOnlyForDeploymentPostprocessing = 0;
		};
		EI00B00000000000000000B1 /* Frameworks */ = {
			isa = PBXFrameworksBuildPhase;
			buildActionMask = 2147483647;
			files = (
				EI00400000000000000000B4 /* SDL3.xcframework in Frameworks */,
				EI00500000000000000000B5 /* Objectively.xcframework in Frameworks */,
				EI00300000000000000000B3 /* ObjectivelyGPU.xcframework in Frameworks */,
			);
			runOnlyForDeploymentPostprocessing = 0;
		};
/* End PBXFrameworksBuildPhase section */

/* Begin PBXGroup section */
		8C4FDD7B635240BD562EBB49 = {
			isa = PBXGroup;
			children = (
				EE00200000000000000000B1 /* Examples */,
				CE73E9F62FEEA53E0048BC24 /* Frameworks */,
				B23D89B2D2DF3745A003AEB1 /* Products */,
				904A6003E847F129BD1EE63E /* Sources */,
				CEEAAFF72FED833A00FFEBE6 /* COPYING */,
				CEEAAFF82FED833A00FFEBE6 /* Makefile.am */,
				CEEAAFFA2FED833A00FFEBE6 /* README.md */,
				CEEAAFFD2FED83E400FFEBE6 /* configure.ac */,
			);
			sourceTree = "<group>";
		};
		904A6003E847F129BD1EE63E /* Sources */ = {
			isa = PBXGroup;
			children = (
				AFF3775B279FC0FE4D348FBA /* ObjectivelyGPU */,
				C16D60B0E94469E649953EC5 /* ObjectivelyGPU.h */,
			);
			path = Sources;
			sourceTree = "<group>";
		};
		AFF3775B279FC0FE4D348FBA /* ObjectivelyGPU */ = {
			isa = PBXGroup;
			children = (
				338EC7DCAE74C1B8C397D189 /* Config.h */,
				6C38B23048C269B804E75F03 /* CommandBuffer.c */,
				E71C479F7B60345FDDA44201 /* CommandBuffer.h */,
				ED8024CA4186E352C1EC4CA1 /* ComputePass.c */,
				09B8DD26CDB7926D89445C91 /* ComputePass.h */,
				C862954A9DD435C1FF7CD31D /* CopyPass.c */,
				59334BDAED542AB6DE565EDD /* CopyPass.h */,
				77315F9BC357C97B885E883C /* RenderDevice.c */,
				9220C57BBAA3C951D8083799 /* RenderDevice.h */,
				669BE73362E651792735CB1C /* RenderPass.c */,
				206D63692B601BD90F377BF5 /* RenderPass.h */,
				B0DCC202FC0DE3DD6AD6B538 /* Shaders */,
				38F069D0DBE26C7E00B5B5EE /* Types.h */,
			);
			path = ObjectivelyGPU;
			sourceTree = "<group>";
		};
		B0DCC202FC0DE3DD6AD6B538 /* Shaders */ = {
			isa = PBXGroup;
			children = (
				FDEE3DD81E43E5CFE68E9519 /* Renderer.frag.hlsl */,
				C510361664FA37CEC93731E8 /* Renderer.vert.hlsl */,
			);
			path = Shaders;
			sourceTree = "<group>";
		};
		B23D89B2D2DF3745A003AEB1 /* Products */ = {
			isa = PBXGroup;
			children = (
				6251F22589273797656C269E /* ObjectivelyGPU.framework */,
				EE00030000000000000000B3 /* ObjectivelyGPU-Hello */,
				EE00040000000000000000B4 /* ObjectivelyGPU-HelloCompute */,
				EI00040000000000000000B4 /* ObjectivelyGPU-Hello-iOS.app */,
			);
			name = Products;
			sourceTree = "<group>";
		};
		CE73E9F62FEEA53E0048BC24 /* Frameworks */ = {
			isa = PBXGroup;
			children = (
				AA000000000000000000EE01 /* SDL3.xcframework */,
				CEA0030000000000000000F0 /* Objectively.framework */,
				EI00050000000000000000B5 /* ObjectivelyGPU.xcframework */,
				EI00060000000000000000B6 /* Objectively.xcframework */,
			);
			name = Frameworks;
			sourceTree = "<group>";
		};
		EE00200000000000000000B1 /* Examples */ = {
			isa = PBXGroup;
			children = (
				EI00E00000000000000000B1 /* Hello-iOS */,
				EE00010000000000000000B1 /* Hello.c */,
				EE00020000000000000000B2 /* HelloCompute.c */,
			);
			path = Examples;
			sourceTree = "<group>";
		};
		EI00E00000000000000000B1 /* Hello-iOS */ = {
			isa = PBXGroup;
			children = (
				EI00010000000000000000B1 /* Hello-iOS.c */,
				EI00020000000000000000B2 /* Info.plist */,
				EI00030000000000000000B3 /* LaunchScreen.storyboard */,
			);
			path = "Hello-iOS";
			sourceTree = "<group>";
		};
/* End PBXGroup section */

/* Begin PBXHeadersBuildPhase section */
		FAEE1924216535BBA6F1D0CD /* Headers */ = {
			isa = PBXHeadersBuildPhase;
			buildActionMask = 2147483647;
			files = (
				6F351DFD232DA78A42D8B494 /* Config.h in Headers */,
				2A17F0E01E5CC25A431FFBAD /* CommandBuffer.h in Headers */,
				034285033FECAB2D6BD6AE5B /* ComputePass.h in Headers */,
				DF73824CC25298378B451056 /* CopyPass.h in Headers */,
				A09AD953AC672E0DE9D1E26D /* ObjectivelyGPU.h in Headers */,
				59897FC7BCC194032E971A9B /* RenderDevice.h in Headers */,
				683F683E23149C267D613EA0 /* RenderPass.h in Headers */,
				90C29A39257729BE8D4FDDF8 /* Types.h in Headers */,
			);
			runOnlyForDeploymentPostprocessing = 0;
		};
/* End PBXHeadersBuildPhase section */

/* Begin PBXNativeTarget section */
		EA25F2CECA5EE87704453CE2 /* ObjectivelyGPU */ = {
			isa = PBXNativeTarget;
			buildConfigurationList = E0A6C122544D4229709A79AD /* Build configuration list for PBXNativeTarget "ObjectivelyGPU" */;
			buildPhases = (
				3B7DFB0747829707F437ED7F /* Sources */,
				DE1439ACCFCEB73E6F9981A5 /* Frameworks */,
				FAEE1924216535BBA6F1D0CD /* Headers */,
			);
			buildRules = (
			);
			dependencies = (
			);
			name = ObjectivelyGPU;
			productName = ObjectivelyGPU;
			productReference = 6251F22589273797656C269E /* ObjectivelyGPU.framework */;
			productType = "com.apple.product-type.framework";
		};
		EE00B00000000000000000B1 /* ObjectivelyGPU-Hello */ = {
			isa = PBXNativeTarget;
			buildConfigurationList = EE01100000000000000000B1 /* Build configuration list for PBXNativeTarget "ObjectivelyGPU-Hello" */;
			buildPhases = (
				EE00300000000000000000B1 /* Sources */,
				EE00400000000000000000B1 /* Frameworks */,
			);
			buildRules = (
			);
			dependencies = (
				EE00800000000000000000B1 /* PBXTargetDependency */,
			);
			name = "ObjectivelyGPU-Hello";
			productName = "ObjectivelyGPU-Hello";
			productReference = EE00030000000000000000B3 /* ObjectivelyGPU-Hello */;
			productType = "com.apple.product-type.tool";
		};
		EE00C00000000000000000B1 /* ObjectivelyGPU-HelloCompute */ = {
			isa = PBXNativeTarget;
			buildConfigurationList = EE01200000000000000000B1 /* Build configuration list for PBXNativeTarget "ObjectivelyGPU-HelloCompute" */;
			buildPhases = (
				EE00500000000000000000B1 /* Sources */,
				EE00600000000000000000B1 /* Frameworks */,
			);
			buildRules = (
			);
			dependencies = (
				EE00A00000000000000000B1 /* PBXTargetDependency */,
			);
			name = "ObjectivelyGPU-HelloCompute";
			productName = "ObjectivelyGPU-HelloCompute";
			productReference = EE00040000000000000000B4 /* ObjectivelyGPU-HelloCompute */;
			productType = "com.apple.product-type.tool";
		};
		EI00F00000000000000000B1 /* ObjectivelyGPU-Hello-iOS */ = {
			isa = PBXNativeTarget;
			buildConfigurationList = EI01200000000000000000B1 /* Build configuration list for PBXNativeTarget "ObjectivelyGPU-Hello-iOS" */;
			buildPhases = (
				EI00A00000000000000000B1 /* Sources */,
				EI00B00000000000000000B1 /* Frameworks */,
				EI00C00000000000000000B1 /* Resources */,
				EI00D00000000000000000B1 /* Embed Frameworks */,
			);
			buildRules = (
			);
			dependencies = (
				EI04100000000000000000A1 /* PBXTargetDependency */,
			);
			name = "ObjectivelyGPU-Hello-iOS";
			productName = "ObjectivelyGPU-Hello-iOS";
			productReference = EI00040000000000000000B4 /* ObjectivelyGPU-Hello-iOS.app */;
			productType = "com.apple.product-type.application";
		};
/* End PBXNativeTarget section */

/* Begin PBXProject section */
		46F86FAA6BBF9AC94A7E4595 /* Project object */ = {
			isa = PBXProject;
			attributes = {
				BuildIndependentTargetsInParallel = YES;
				LastUpgradeCheck = 2650;
				ORGANIZATIONNAME = "https://github.com/jdolan";
				TargetAttributes = {
					EA25F2CECA5EE87704453CE2 = {
						CreatedOnToolsVersion = 16.0;
					};
					EI03000000000000000000A1 = {
						CreatedOnToolsVersion = 16.0;
					};
				};
			};
			buildConfigurationList = 406C6DFE431ECD1665C1EE27 /* Build configuration list for PBXProject "ObjectivelyGPU" */;
			compatibilityVersion = "Xcode 14.0";
			developmentRegion = en;
			hasScannedForEncodings = 0;
			knownRegions = (
				en,
				Base,
			);
			mainGroup = 8C4FDD7B635240BD562EBB49;
			productRefGroup = B23D89B2D2DF3745A003AEB1 /* Products */;
			projectDirPath = "";
			projectRoot = "";
			targets = (
				EA25F2CECA5EE87704453CE2 /* ObjectivelyGPU */,
				EI03000000000000000000A1 /* ObjectivelyGPU-xcframework */,
				EE00B00000000000000000B1 /* ObjectivelyGPU-Hello */,
				EE00C00000000000000000B1 /* ObjectivelyGPU-HelloCompute */,
				EI00F00000000000000000B1 /* ObjectivelyGPU-Hello-iOS */,
			);
		};
/* End PBXProject section */

/* Begin PBXResourcesBuildPhase section */
		EI00C00000000000000000B1 /* Resources */ = {
			isa = PBXResourcesBuildPhase;
			buildActionMask = 2147483647;
			files = (
			);
			runOnlyForDeploymentPostprocessing = 0;
		};
/* End PBXResourcesBuildPhase section */

/* Begin PBXShellScriptBuildPhase section */
		EI03100000000000000000A1 /* Run Script */ = {
			isa = PBXShellScriptBuildPhase;
			buildActionMask = 2147483647;
			files = (
			);
			inputFileListPaths = (
			);
			inputPaths = (
			);
			name = "Run Script";
			outputFileListPaths = (
			);
			outputPaths = (
				"$(SRCROOT)/Frameworks/ObjectivelyGPU.xcframework",
			);
			runOnlyForDeploymentPostprocessing = 0;
			shellPath = /bin/sh;
			shellScript = "exec \"$SRCROOT/scripts/build-xcframework.sh\"\n";
			showEnvVarsInLog = 0;
		};
/* End PBXShellScriptBuildPhase section */

/* Begin PBXSourcesBuildPhase section */
		3B7DFB0747829707F437ED7F /* Sources */ = {
			isa = PBXSourcesBuildPhase;
			buildActionMask = 2147483647;
			files = (
				36FBB92ACB08F2078D50C84D /* CommandBuffer.c in Sources */,
				F73340493879CD8034F99D51 /* ComputePass.c in Sources */,
				CCCB11DB70E4A962360A2119 /* CopyPass.c in Sources */,
				86E5132F5DCCB6B674151343 /* RenderDevice.c in Sources */,
				FF30FF2D56F9E4EA3C492CBB /* RenderPass.c in Sources */,
			);
			runOnlyForDeploymentPostprocessing = 0;
		};
		EE00300000000000000000B1 /* Sources */ = {
			isa = PBXSourcesBuildPhase;
			buildActionMask = 2147483647;
			files = (
				EE00100000000000000000B1 /* Hello.c in Sources */,
			);
			runOnlyForDeploymentPostprocessing = 0;
		};
		EE00500000000000000000B1 /* Sources */ = {
			isa = PBXSourcesBuildPhase;
			buildActionMask = 2147483647;
			files = (
				EE00110000000000000000B2 /* HelloCompute.c in Sources */,
			);
			runOnlyForDeploymentPostprocessing = 0;
		};
		EI00A00000000000000000B1 /* Sources */ = {
			isa = PBXSourcesBuildPhase;
			buildActionMask = 2147483647;
			files = (
				EI00100000000000000000B1 /* Hello-iOS.c in Sources */,
			);
			runOnlyForDeploymentPostprocessing = 0;
		};
/* End PBXSourcesBuildPhase section */

/* Begin PBXTargetDependency section */
		EE00800000000000000000B1 /* PBXTargetDependency */ = {
			isa = PBXTargetDependency;
			target = EA25F2CECA5EE87704453CE2 /* ObjectivelyGPU */;
			targetProxy = EE00700000000000000000B1 /* PBXContainerItemProxy */;
		};
		EE00A00000000000000000B1 /* PBXTargetDependency */ = {
			isa = PBXTargetDependency;
			target = EA25F2CECA5EE87704453CE2 /* ObjectivelyGPU */;
			targetProxy = EE00900000000000000000B1 /* PBXContainerItemProxy */;
		};
		EI04100000000000000000A1 /* PBXTargetDependency */ = {
			isa = PBXTargetDependency;
			target = EI03000000000000000000A1 /* ObjectivelyGPU-xcframework */;
			targetProxy = EI04000000000000000000A1 /* PBXContainerItemProxy */;
		};
/* End PBXTargetDependency section */

/* Begin XCBuildConfiguration section */
		02E8EA186897855DF59BB780 /* Release */ = {
			isa = XCBuildConfiguration;
			buildSettings = {
				COMBINE_HIDPI_IMAGES = YES;
				DEFINES_MODULE = YES;
				DYLIB_COMPATIBILITY_VERSION = 1;
				DYLIB_CURRENT_VERSION = 1;
				ENABLE_USER_SCRIPT_SANDBOXING = YES;
				FRAMEWORK_SEARCH_PATHS = (
					"$(inherited)",
					"$(SRCROOT)/Frameworks",
				);
				FRAMEWORK_VERSION = A;
				GENERATE_INFOPLIST_FILE = YES;
				HEADER_SEARCH_PATHS = (
					"$(inherited)",
					"$(SRCROOT)/Sources",
					"$(WORKSPACE_PREFIX)/Objectively/Sources",
					"$(SRCROOT)/Frameworks/SDL3.xcframework/macos-arm64_x86_64/SDL3.framework/Headers",
				);
				INSTALL_PATH = "$(LOCAL_LIBRARY_DIR)/Frameworks";
				LD_RUNPATH_SEARCH_PATHS = (
					"$(inherited)",
					"@executable_path/../Frameworks",
					"@loader_path/Frameworks",
				);
				PRODUCT_BUNDLE_IDENTIFIER = com.github.jdolan.ObjectivelyGPU;
				PRODUCT_NAME = "$(TARGET_NAME)";
				SKIP_INSTALL = YES;
				VERSIONING_SYSTEM = "apple-generic";
			};
			name = Release;
		};
		AEC4259544188C1FBB7E4C07 /* Debug */ = {
			isa = XCBuildConfiguration;
			buildSettings = {
				COMBINE_HIDPI_IMAGES = YES;
				DEFINES_MODULE = YES;
				DYLIB_COMPATIBILITY_VERSION = 1;
				DYLIB_CURRENT_VERSION = 1;
				ENABLE_USER_SCRIPT_SANDBOXING = YES;
				FRAMEWORK_SEARCH_PATHS = (
					"$(inherited)",
					"$(SRCROOT)/Frameworks",
				);
				FRAMEWORK_VERSION = A;
				GENERATE_INFOPLIST_FILE = YES;
				HEADER_SEARCH_PATHS = (
					"$(inherited)",
					"$(SRCROOT)/Sources",
					"$(WORKSPACE_PREFIX)/Objectively/Sources",
					"$(SRCROOT)/Frameworks/SDL3.xcframework/macos-arm64_x86_64/SDL3.framework/Headers",
				);
				INSTALL_PATH = "$(LOCAL_LIBRARY_DIR)/Frameworks";
				LD_RUNPATH_SEARCH_PATHS = (
					"$(inherited)",
					"@executable_path/../Frameworks",
					"@loader_path/Frameworks",
				);
				PRODUCT_BUNDLE_IDENTIFIER = com.github.jdolan.ObjectivelyGPU;
				PRODUCT_NAME = "$(TARGET_NAME)";
				SKIP_INSTALL = YES;
				VERSIONING_SYSTEM = "apple-generic";
			};
			name = Debug;
		};
		B7DC821DF56771B677CD9D20 /* Release */ = {
			isa = XCBuildConfiguration;
			buildSettings = {
				ALWAYS_SEARCH_USER_PATHS = NO;
				CLANG_ENABLE_MODULES = YES;
				COPY_PHASE_STRIP = NO;
				DEBUG_INFORMATION_FORMAT = "dwarf-with-dsym";
				ENABLE_NS_ASSERTIONS = NO;
				ENABLE_STRICT_OBJC_MSGSEND = YES;
				GCC_C_LANGUAGE_STANDARD = gnu23;
				IPHONEOS_DEPLOYMENT_TARGET = 16.0;
				MACOSX_DEPLOYMENT_TARGET = 13.0;
				MTL_ENABLE_DEBUG_INFO = NO;
				SDKROOT = macosx;
				VALIDATE_PRODUCT = YES;
			};
			name = Release;
		};
		E9B05C51385583BE376E321C /* Debug */ = {
			isa = XCBuildConfiguration;
			buildSettings = {
				ALWAYS_SEARCH_USER_PATHS = NO;
				CLANG_ENABLE_MODULES = YES;
				COPY_PHASE_STRIP = NO;
				DEBUG_INFORMATION_FORMAT = dwarf;
				ENABLE_STRICT_OBJC_MSGSEND = YES;
				GCC_C_LANGUAGE_STANDARD = gnu23;
				GCC_DYNAMIC_NO_PIC = NO;
				GCC_OPTIMIZATION_LEVEL = 0;
				GCC_PREPROCESSOR_DEFINITIONS = (
					"DEBUG=1",
					"$(inherited)",
				);
				IPHONEOS_DEPLOYMENT_TARGET = 16.0;
				MACOSX_DEPLOYMENT_TARGET = 13.0;
				MTL_ENABLE_DEBUG_INFO = INCLUDE_SOURCE;
				ONLY_ACTIVE_ARCH = YES;
				SDKROOT = macosx;
			};
			name = Debug;
		};
		EE00D00000000000000000B1 /* Debug */ = {
			isa = XCBuildConfiguration;
			buildSettings = {
				FRAMEWORK_SEARCH_PATHS = (
					"$(inherited)",
					"$(SRCROOT)/Frameworks",
					"$(BUILT_PRODUCTS_DIR)",
				);
				HEADER_SEARCH_PATHS = (
					"$(inherited)",
					"$(SRCROOT)/Sources",
					"$(WORKSPACE_PREFIX)/Objectively/Sources",
					"$(SRCROOT)/Frameworks/SDL3.xcframework/macos-arm64_x86_64/SDL3.framework/Headers",
				);
				LD_RUNPATH_SEARCH_PATHS = (
					"$(inherited)",
					"$(SRCROOT)/Frameworks",
					"$(BUILT_PRODUCTS_DIR)",
				);
				PRODUCT_NAME = "$(TARGET_NAME)";
			};
			name = Debug;
		};
		EE00E00000000000000000B1 /* Release */ = {
			isa = XCBuildConfiguration;
			buildSettings = {
				FRAMEWORK_SEARCH_PATHS = (
					"$(inherited)",
					"$(SRCROOT)/Frameworks",
					"$(BUILT_PRODUCTS_DIR)",
				);
				HEADER_SEARCH_PATHS = (
					"$(inherited)",
					"$(SRCROOT)/Sources",
					"$(WORKSPACE_PREFIX)/Objectively/Sources",
					"$(SRCROOT)/Frameworks/SDL3.xcframework/macos-arm64_x86_64/SDL3.framework/Headers",
				);
				LD_RUNPATH_SEARCH_PATHS = (
					"$(inherited)",
					"$(SRCROOT)/Frameworks",
					"$(BUILT_PRODUCTS_DIR)",
				);
				PRODUCT_NAME = "$(TARGET_NAME)";
			};
			name = Release;
		};
		EE00F00000000000000000B1 /* Debug */ = {
			isa = XCBuildConfiguration;
			buildSettings = {
				FRAMEWORK_SEARCH_PATHS = (
					"$(inherited)",
					"$(SRCROOT)/Frameworks",
					"$(BUILT_PRODUCTS_DIR)",
				);
				HEADER_SEARCH_PATHS = (
					"$(inherited)",
					"$(SRCROOT)/Sources",
					"$(WORKSPACE_PREFIX)/Objectively/Sources",
					"$(SRCROOT)/Frameworks/SDL3.xcframework/macos-arm64_x86_64/SDL3.framework/Headers",
				);
				LD_RUNPATH_SEARCH_PATHS = (
					"$(inherited)",
					"$(SRCROOT)/Frameworks",
					"$(BUILT_PRODUCTS_DIR)",
				);
				PRODUCT_NAME = "$(TARGET_NAME)";
			};
			name = Debug;
		};
		EE01000000000000000000B1 /* Release */ = {
			isa = XCBuildConfiguration;
			buildSettings = {
				FRAMEWORK_SEARCH_PATHS = (
					"$(inherited)",
					"$(SRCROOT)/Frameworks",
					"$(BUILT_PRODUCTS_DIR)",
				);
				HEADER_SEARCH_PATHS = (
					"$(inherited)",
					"$(SRCROOT)/Sources",
					"$(WORKSPACE_PREFIX)/Objectively/Sources",
					"$(SRCROOT)/Frameworks/SDL3.xcframework/macos-arm64_x86_64/SDL3.framework/Headers",
				);
				LD_RUNPATH_SEARCH_PATHS = (
					"$(inherited)",
					"$(SRCROOT)/Frameworks",
					"$(BUILT_PRODUCTS_DIR)",
				);
				PRODUCT_NAME = "$(TARGET_NAME)";
			};
			name = Release;
		};
		EI01000000000000000000B1 /* Debug */ = {
			isa = XCBuildConfiguration;
			buildSettings = {
				CODE_SIGN_IDENTITY = "Apple Development";
				CODE_SIGN_STYLE = Automatic;
				DEVELOPMENT_TEAM = C5PXKE9CU5;
				FRAMEWORK_SEARCH_PATHS = (
					"$(SRCROOT)/Frameworks",
					"$(inherited)",
				);
				GCC_C_LANGUAGE_STANDARD = gnu23;
				HEADER_SEARCH_PATHS = (
					"$(SRCROOT)/Sources",
					"$(SRCROOT)/Frameworks/SDL3.xcframework/ios-arm64/SDL3.framework/Headers",
					"$(SRCROOT)/Frameworks/Objectively.xcframework/ios-arm64/Objectively.framework/Headers",
					"$(inherited)",
				);
				INFOPLIST_FILE = "$(SRCROOT)/Examples/Hello-iOS/Info.plist";
				LD_RUNPATH_SEARCH_PATHS = (
					"$(inherited)",
					"@executable_path/Frameworks",
				);
				PRODUCT_BUNDLE_IDENTIFIER = "com.github.jdolan.ObjectivelyGPU-Hello-iOS";
				PRODUCT_NAME = "ObjectivelyGPU-Hello-iOS";
				SDKROOT = iphoneos;
				SUPPORTS_MACCATALYST = NO;
				TARGETED_DEVICE_FAMILY = "1,2";
			};
			name = Debug;
		};
		EI01100000000000000000B2 /* Release */ = {
			isa = XCBuildConfiguration;
			buildSettings = {
				CODE_SIGN_IDENTITY = "Apple Development";
				CODE_SIGN_STYLE = Automatic;
				DEVELOPMENT_TEAM = C5PXKE9CU5;
				FRAMEWORK_SEARCH_PATHS = (
					"$(SRCROOT)/Frameworks",
					"$(inherited)",
				);
				GCC_C_LANGUAGE_STANDARD = gnu23;
				HEADER_SEARCH_PATHS = (
					"$(SRCROOT)/Sources",
					"$(SRCROOT)/Frameworks/SDL3.xcframework/ios-arm64/SDL3.framework/Headers",
					"$(SRCROOT)/Frameworks/Objectively.xcframework/ios-arm64/Objectively.framework/Headers",
					"$(inherited)",
				);
				INFOPLIST_FILE = "$(SRCROOT)/Examples/Hello-iOS/Info.plist";
				LD_RUNPATH_SEARCH_PATHS = (
					"$(inherited)",
					"@executable_path/Frameworks",
				);
				PRODUCT_BUNDLE_IDENTIFIER = "com.github.jdolan.ObjectivelyGPU-Hello-iOS";
				PRODUCT_NAME = "ObjectivelyGPU-Hello-iOS";
				SDKROOT = iphoneos;
				SUPPORTS_MACCATALYST = NO;
				TARGETED_DEVICE_FAMILY = "1,2";
			};
			name = Release;
		};
		EI03200000000000000000A1 /* Debug */ = {
			isa = XCBuildConfiguration;
			buildSettings = {
				PRODUCT_NAME = "ObjectivelyGPU-xcframework";
			};
			name = Debug;
		};
		EI03300000000000000000A2 /* Release */ = {
			isa = XCBuildConfiguration;
			buildSettings = {
				PRODUCT_NAME = "ObjectivelyGPU-xcframework";
			};
			name = Release;
		};
/* End XCBuildConfiguration section */

/* Begin XCConfigurationList section */
		406C6DFE431ECD1665C1EE27 /* Build configuration list for PBXProject "ObjectivelyGPU" */ = {
			isa = XCConfigurationList;
			buildConfigurations = (
				E9B05C51385583BE376E321C /* Debug */,
				B7DC821DF56771B677CD9D20 /* Release */,
			);
			defaultConfigurationIsVisible = 0;
			defaultConfigurationName = Release;
		};
		E0A6C122544D4229709A79AD /* Build configuration list for PBXNativeTarget "ObjectivelyGPU" */ = {
			isa = XCConfigurationList;
			buildConfigurations = (
				AEC4259544188C1FBB7E4C07 /* Debug */,
				02E8EA186897855DF59BB780 /* Release */,
			);
			defaultConfigurationIsVisible = 0;
			defaultConfigurationName = Release;
		};
		EE01100000000000000000B1 /* Build configuration list for PBXNativeTarget "ObjectivelyGPU-Hello" */ = {
			isa = XCConfigurationList;
			buildConfigurations = (
				EE00D00000000000000000B1 /* Debug */,
				EE00E00000000000000000B1 /* Release */,
			);
			defaultConfigurationIsVisible = 0;
			defaultConfigurationName = Release;
		};
		EE01200000000000000000B1 /* Build configuration list for PBXNativeTarget "ObjectivelyGPU-HelloCompute" */ = {
			isa = XCConfigurationList;
			buildConfigurations = (
				EE00F00000000000000000B1 /* Debug */,
				EE01000000000000000000B1 /* Release */,
			);
			defaultConfigurationIsVisible = 0;
			defaultConfigurationName = Release;
		};
		EI01200000000000000000B1 /* Build configuration list for PBXNativeTarget "ObjectivelyGPU-Hello-iOS" */ = {
			isa = XCConfigurationList;
			buildConfigurations = (
				EI01000000000000000000B1 /* Debug */,
				EI01100000000000000000B2 /* Release */,
			);
			defaultConfigurationIsVisible = 0;
			defaultConfigurationName = Release;
		};
		EI03400000000000000000A1 /* Build configuration list for PBXAggregateTarget "ObjectivelyGPU-xcframework" */ = {
			isa = XCConfigurationList;
			buildConfigurations = (
				EI03200000000000000000A1 /* Debug */,
				EI03300000000000000000A2 /* Release */,
			);
			defaultConfigurationIsVisible = 0;
			defaultConfigurationName = Release;
		};
/* End XCConfigurationList section */
	};
	rootObject = 46F86FAA6BBF9AC94A7E4595 /* Project object */;
}
