// !$*UTF8*$!
{
	archiveVersion = 1;
	classes = {
	};
	objectVersion = 56;
	objects = {

/* Begin PBXAggregateTarget section */
		SC00000000000000000000A0 /* ObjectivelyGPU-shadercross */ = {
			isa = PBXAggregateTarget;
			buildConfigurationList = SC00400000000000000000A0 /* Build configuration list for PBXAggregateTarget "ObjectivelyGPU-shadercross" */;
			buildPhases = (
				SC00100000000000000000A0 /* Compile Shaders */,
				CECF83B32FEF75A400CB0CCA /* CopyFiles */,
			);
			dependencies = (
			);
			name = "ObjectivelyGPU-shadercross";
			productName = "ObjectivelyGPU-shadercross";
		};
/* End PBXAggregateTarget section */

/* Begin PBXBuildFile section */
		034285033FECAB2D6BD6AE5B /* ComputePass.h in Headers */ = {isa = PBXBuildFile; fileRef = 09B8DD26CDB7926D89445C91 /* ComputePass.h */; settings = {ATTRIBUTES = (Public, ); }; };
		2A17F0E01E5CC25A431FFBAD /* CommandBuffer.h in Headers */ = {isa = PBXBuildFile; fileRef = E71C479F7B60345FDDA44201 /* CommandBuffer.h */; settings = {ATTRIBUTES = (Public, ); }; };
		36FBB92ACB08F2078D50C84D /* CommandBuffer.c in Sources */ = {isa = PBXBuildFile; fileRef = 6C38B23048C269B804E75F03 /* CommandBuffer.c */; };
		59897FC7BCC194032E971A9B /* RenderDevice.h in Headers */ = {isa = PBXBuildFile; fileRef = 9220C57BBAA3C951D8083799 /* RenderDevice.h */; settings = {ATTRIBUTES = (Public, ); }; };
		683F683E23149C267D613EA0 /* RenderPass.h in Headers */ = {isa = PBXBuildFile; fileRef = 206D63692B601BD90F377BF5 /* RenderPass.h */; settings = {ATTRIBUTES = (Public, ); }; };
		6F351DFD232DA78A42D8B494 /* Config.h in Headers */ = {isa = PBXBuildFile; fileRef = 338EC7DCAE74C1B8C397D189 /* Config.h */; };
		86E5132F5DCCB6B674151343 /* RenderDevice.c in Sources */ = {isa = PBXBuildFile; fileRef = 77315F9BC357C97B885E883C /* RenderDevice.c */; };
		90C29A39257729BE8D4FDDF8 /* Types.h in Headers */ = {isa = PBXBuildFile; fileRef = 38F069D0DBE26C7E00B5B5EE /* Types.h */; settings = {ATTRIBUTES = (Public, ); }; };
		A09AD953AC672E0DE9D1E26D /* ObjectivelyGPU.h in Headers */ = {isa = PBXBuildFile; fileRef = C16D60B0E94469E649953EC5 /* ObjectivelyGPU.h */; settings = {ATTRIBUTES = (Public, ); }; };
		AA000000000000000000FF01 /* SDL3.xcframework in Frameworks */ = {isa = PBXBuildFile; fileRef = AA000000000000000000EE01 /* SDL3.xcframework */; };
		CCCB11DB70E4A962360A2119 /* CopyPass.c in Sources */ = {isa = PBXBuildFile; fileRef = C862954A9DD435C1FF7CD31D /* CopyPass.c */; };
		CE1643392FF413C000863996 /* HelloCompute.comp.metal in CopyFiles */ = {isa = PBXBuildFile; fileRef = CECF83AB2FEF712F00CB0CCA /* HelloCompute.comp.metal */; };
		CE16433A2FF413C000863996 /* HelloCompute.comp.spv in CopyFiles */ = {isa = PBXBuildFile; fileRef = CECF83AC2FEF712F00CB0CCA /* HelloCompute.comp.spv */; };
		CE16433B2FF413C000863996 /* HelloCompute.frag.metal in CopyFiles */ = {isa = PBXBuildFile; fileRef = CECF83AE2FEF712F00CB0CCA /* HelloCompute.frag.metal */; };
		CE16433C2FF413C000863996 /* HelloCompute.frag.spv in CopyFiles */ = {isa = PBXBuildFile; fileRef = CECF83AF2FEF712F00CB0CCA /* HelloCompute.frag.spv */; };
		CE16433D2FF413C000863996 /* HelloCompute.vert.metal in CopyFiles */ = {isa = PBXBuildFile; fileRef = CECF83B12FEF712F00CB0CCA /* HelloCompute.vert.metal */; };
		CE16433E2FF413C000863996 /* HelloCompute.vert.spv in CopyFiles */ = {isa = PBXBuildFile; fileRef = CECF83B22FEF712F00CB0CCA /* HelloCompute.vert.spv */; };
		CEA0030000000000000000F1 /* Objectively.framework in Frameworks */ = {isa = PBXBuildFile; fileRef = CEA0030000000000000000F0 /* Objectively.framework */; };
		CEBA3F602FF30F1E00758CA6 /* Texture.h in Headers */ = {isa = PBXBuildFile; fileRef = CEBA3F5E2FF30F1E00758CA6 /* Texture.h */; settings = {ATTRIBUTES = (Public, ); }; };
		CEBA3F612FF30F1E00758CA6 /* Texture.c in Sources */ = {isa = PBXBuildFile; fileRef = CEBA3F5F2FF30F1E00758CA6 /* Texture.c */; };
		CEBA3F6B2FF3211F00758CA6 /* GraphicsPipeline.h in Headers */ = {isa = PBXBuildFile; fileRef = CEBA3F652FF3211F00758CA6 /* GraphicsPipeline.h */; settings = {ATTRIBUTES = (Public, ); }; };
		CEBA3F6C2FF3211F00758CA6 /* Sampler.h in Headers */ = {isa = PBXBuildFile; fileRef = CEBA3F672FF3211F00758CA6 /* Sampler.h */; settings = {ATTRIBUTES = (Public, ); }; };
		CEBA3F6D2FF3211F00758CA6 /* ComputePipeline.h in Headers */ = {isa = PBXBuildFile; fileRef = CEBA3F642FF3211F00758CA6 /* ComputePipeline.h */; settings = {ATTRIBUTES = (Public, ); }; };
		CEBA3F6E2FF3211F00758CA6 /* Shader.h in Headers */ = {isa = PBXBuildFile; fileRef = CEBA3F692FF3211F00758CA6 /* Shader.h */; settings = {ATTRIBUTES = (Public, ); }; };
		CEBA3F6F2FF3211F00758CA6 /* Buffer.h in Headers */ = {isa = PBXBuildFile; fileRef = CEBA3F622FF3211F00758CA6 /* Buffer.h */; settings = {ATTRIBUTES = (Public, ); }; };
		CEBA3F702FF3211F00758CA6 /* GraphicsPipeline.c in Sources */ = {isa = PBXBuildFile; fileRef = CEBA3F662FF3211F00758CA6 /* GraphicsPipeline.c */; };
		CEBA3F712FF3211F00758CA6 /* Buffer.c in Sources */ = {isa = PBXBuildFile; fileRef = CEBA3F632FF3211F00758CA6 /* Buffer.c */; };
		CEBA3F722FF3211F00758CA6 /* Shader.c in Sources */ = {isa = PBXBuildFile; fileRef = CEBA3F6A2FF3211F00758CA6 /* Shader.c */; };
		CEBA3F732FF3211F00758CA6 /* Sampler.c in Sources */ = {isa = PBXBuildFile; fileRef = CEBA3F682FF3211F00758CA6 /* Sampler.c */; };
		CEBA3F752FF330A700758CA6 /* ComputePipeline.c in Sources */ = {isa = PBXBuildFile; fileRef = CEBA3F742FF330A700758CA6 /* ComputePipeline.c */; };
		CEBA3F772FF3418E00758CA6 /* Objectively.framework in Frameworks */ = {isa = PBXBuildFile; fileRef = CEA0030000000000000000F0 /* Objectively.framework */; };
		CEBA3F782FF3419100758CA6 /* ObjectivelyGPU.framework in Frameworks */ = {isa = PBXBuildFile; fileRef = 6251F22589273797656C269E /* ObjectivelyGPU.framework */; };
		CECF83982FEF6A7200CB0CCA /* Mathlib.h in Headers */ = {isa = PBXBuildFile; fileRef = CECF83972FEF6A7200CB0CCA /* Mathlib.h */; settings = {ATTRIBUTES = (Public, ); }; };
		CECF83B62FEF765400CB0CCA /* Hello.frag.metal in CopyFiles */ = {isa = PBXBuildFile; fileRef = CECF83A52FEF712F00CB0CCA /* Hello.frag.metal */; };
		CECF83B72FEF765400CB0CCA /* Hello.frag.spv in CopyFiles */ = {isa = PBXBuildFile; fileRef = CECF83A62FEF712F00CB0CCA /* Hello.frag.spv */; };
		CECF83B92FEF765400CB0CCA /* Hello.vert.metal in CopyFiles */ = {isa = PBXBuildFile; fileRef = CECF83A82FEF712F00CB0CCA /* Hello.vert.metal */; };
		CECF83BA2FEF765400CB0CCA /* Hello.vert.spv in CopyFiles */ = {isa = PBXBuildFile; fileRef = CECF83A92FEF712F00CB0CCA /* Hello.vert.spv */; };
		CECF83C72FF03A3500CB0CCA /* Framebuffer.h in Headers */ = {isa = PBXBuildFile; fileRef = CECF83C52FF03A3500CB0CCA /* Framebuffer.h */; settings = {ATTRIBUTES = (Public, ); }; };
		CECF83C82FF03A3500CB0CCA /* Framebuffer.c in Sources */ = {isa = PBXBuildFile; fileRef = CECF83C62FF03A3500CB0CCA /* Framebuffer.c */; };
		DF73824CC25298378B451056 /* CopyPass.h in Headers */ = {isa = PBXBuildFile; fileRef = 59334BDAED542AB6DE565EDD /* CopyPass.h */; settings = {ATTRIBUTES = (Public, ); }; };
		EE00100000000000000000B1 /* Hello.c in Sources */ = {isa = PBXBuildFile; fileRef = EE00010000000000000000B1 /* Hello.c */; };
		EE00110000000000000000B2 /* HelloCompute.c in Sources */ = {isa = PBXBuildFile; fileRef = EE00020000000000000000B2 /* HelloCompute.c */; };
		EE00120000000000000000B3 /* ObjectivelyGPU.framework in Frameworks */ = {isa = PBXBuildFile; fileRef = 6251F22589273797656C269E /* ObjectivelyGPU.framework */; };
		EE00130000000000000000B4 /* SDL3.xcframework in Frameworks */ = {isa = PBXBuildFile; fileRef = AA000000000000000000EE01 /* SDL3.xcframework */; };
		EE00140000000000000000B5 /* Objectively.framework in Frameworks */ = {isa = PBXBuildFile; fileRef = CEA0030000000000000000F0 /* Objectively.framework */; };
		EE00150000000000000000B6 /* ObjectivelyGPU.framework in Frameworks */ = {isa = PBXBuildFile; fileRef = 6251F22589273797656C269E /* ObjectivelyGPU.framework */; };
		EE00160000000000000000B7 /* SDL3.xcframework in Frameworks */ = {isa = PBXBuildFile; fileRef = AA000000000000000000EE01 /* SDL3.xcframework */; };
		EE00170000000000000000B8 /* Objectively.framework in Frameworks */ = {isa = PBXBuildFile; fileRef = CEA0030000000000000000F0 /* Objectively.framework */; };
		EI00100000000000000000B1 /* Hello.c in Sources */ = {isa = PBXBuildFile; fileRef = EE00010000000000000000B1 /* Hello.c */; };
		EI00200000000000000000B1 /* Hello.frag.metal in Resources */ = {isa = PBXBuildFile; fileRef = CECF83A52FEF712F00CB0CCA /* Hello.frag.metal */; };
		EI00300000000000000000B1 /* Hello.vert.metal in Resources */ = {isa = PBXBuildFile; fileRef = CECF83A82FEF712F00CB0CCA /* Hello.vert.metal */; };
		EI00400000000000000000B4 /* SDL3.xcframework in Frameworks */ = {isa = PBXBuildFile; fileRef = AA000000000000000000EE01 /* SDL3.xcframework */; };
		EI00700000000000000000B7 /* SDL3.xcframework in Embed Frameworks */ = {isa = PBXBuildFile; fileRef = AA000000000000000000EE01 /* SDL3.xcframework */; settings = {ATTRIBUTES = (CodeSignOnCopy, RemoveHeadersOnCopy, ); }; };
		F73340493879CD8034F99D51 /* ComputePass.c in Sources */ = {isa = PBXBuildFile; fileRef = ED8024CA4186E352C1EC4CA1 /* ComputePass.c */; };
		FF30FF2D56F9E4EA3C492CBB /* RenderPass.c in Sources */ = {isa = PBXBuildFile; fileRef = 669BE73362E651792735CB1C /* RenderPass.c */; };
/* End PBXBuildFile section */

/* Begin PBXContainerItemProxy section */
		EE00700000000000000000B1 /* PBXContainerItemProxy */ = {
			isa = PBXContainerItemProxy;
			containerPortal = 46F86FAA6BBF9AC94A7E4595 /* Project object */;
			proxyType = 1;
			remoteGlobalIDString = EA25F2CECA5EE87704453CE2;
			remoteInfo = ObjectivelyGPU;
		};
		EE00900000000000000000B1 /* PBXContainerItemProxy */ = {
			isa = PBXContainerItemProxy;
			containerPortal = 46F86FAA6BBF9AC94A7E4595 /* Project object */;
			proxyType = 1;
			remoteGlobalIDString = EA25F2CECA5EE87704453CE2;
			remoteInfo = ObjectivelyGPU;
		};
/* End PBXContainerItemProxy section */

/* Begin PBXCopyFilesBuildPhase section */
		CE1643382FF413A800863996 /* CopyFiles */ = {
			isa = PBXCopyFilesBuildPhase;
			buildActionMask = 2147483647;
			dstPath = "";
			dstSubfolderSpec = 7;
			files = (
				CE1643392FF413C000863996 /* HelloCompute.comp.metal in CopyFiles */,
				CE16433A2FF413C000863996 /* HelloCompute.comp.spv in CopyFiles */,
				CE16433B2FF413C000863996 /* HelloCompute.frag.metal in CopyFiles */,
				CE16433C2FF413C000863996 /* HelloCompute.frag.spv in CopyFiles */,
				CE16433D2FF413C000863996 /* HelloCompute.vert.metal in CopyFiles */,
				CE16433E2FF413C000863996 /* HelloCompute.vert.spv in CopyFiles */,
			);
			runOnlyForDeploymentPostprocessing = 0;
		};
		CECF83B32FEF75A400CB0CCA /* CopyFiles */ = {
			isa = PBXCopyFilesBuildPhase;
			buildActionMask = 2147483647;
			dstPath = "";
			dstSubfolderSpec = 7;
			files = (
			);
			runOnlyForDeploymentPostprocessing = 0;
		};
		CECF83B42FEF763B00CB0CCA /* CopyFiles */ = {
			isa = PBXCopyFilesBuildPhase;
			buildActionMask = 2147483647;
			dstPath = "";
			dstSubfolderSpec = 7;
			files = (
				CECF83B62FEF765400CB0CCA /* Hello.frag.metal in CopyFiles */,
				CECF83B72FEF765400CB0CCA /* Hello.frag.spv in CopyFiles */,
				CECF83B92FEF765400CB0CCA /* Hello.vert.metal in CopyFiles */,
				CECF83BA2FEF765400CB0CCA /* Hello.vert.spv in CopyFiles */,
			);
			runOnlyForDeploymentPostprocessing = 0;
		};
		EI00D00000000000000000B1 /* Embed Frameworks */ = {
			isa = PBXCopyFilesBuildPhase;
			buildActionMask = 2147483647;
			dstPath = "";
			dstSubfolderSpec = 10;
			files = (
				EI00700000000000000000B7 /* SDL3.xcframework in Embed Frameworks */,
			);
			name = "Embed Frameworks";
			runOnlyForDeploymentPostprocessing = 0;
		};
/* End PBXCopyFilesBuildPhase section */

/* Begin PBXFileReference section */
		09B8DD26CDB7926D89445C91 /* ComputePass.h */ = {isa = PBXFileReference; lastKnownFileType = sourcecode.c.h; path = ComputePass.h; sourceTree = "<group>"; };
		206D63692B601BD90F377BF5 /* RenderPass.h */ = {isa = PBXFileReference; lastKnownFileType = sourcecode.c.h; path = RenderPass.h; sourceTree = "<group>"; };
		338EC7DCAE74C1B8C397D189 /* Config.h */ = {isa = PBXFileReference; lastKnownFileType = sourcecode.c.h; path = Config.h; sourceTree = "<group>"; };
		38F069D0DBE26C7E00B5B5EE /* Types.h */ = {isa = PBXFileReference; lastKnownFileType = sourcecode.c.h; path = Types.h; sourceTree = "<group>"; };
		59334BDAED542AB6DE565EDD /* CopyPass.h */ = {isa = PBXFileReference; lastKnownFileType = sourcecode.c.h; path = CopyPass.h; sourceTree = "<group>"; };
		6251F22589273797656C269E /* ObjectivelyGPU.framework */ = {isa = PBXFileReference; explicitFileType = wrapper.framework; includeInIndex = 0; path = ObjectivelyGPU.framework; sourceTree = BUILT_PRODUCTS_DIR; };
		669BE73362E651792735CB1C /* RenderPass.c */ = {isa = PBXFileReference; lastKnownFileType = sourcecode.c.c; path = RenderPass.c; sourceTree = "<group>"; };
		6C38B23048C269B804E75F03 /* CommandBuffer.c */ = {isa = PBXFileReference; lastKnownFileType = sourcecode.c.c; path = CommandBuffer.c; sourceTree = "<group>"; };
		77315F9BC357C97B885E883C /* RenderDevice.c */ = {isa = PBXFileReference; lastKnownFileType = sourcecode.c.c; path = RenderDevice.c; sourceTree = "<group>"; };
		9220C57BBAA3C951D8083799 /* RenderDevice.h */ = {isa = PBXFileReference; lastKnownFileType = sourcecode.c.h; path = RenderDevice.h; sourceTree = "<group>"; };
		AA000000000000000000EE01 /* SDL3.xcframework */ = {isa = PBXFileReference; lastKnownFileType = wrapper.xcframework; name = SDL3.xcframework; path = Frameworks/SDL3.xcframework; sourceTree = "<group>"; };
		C16D60B0E94469E649953EC5 /* ObjectivelyGPU.h */ = {isa = PBXFileReference; lastKnownFileType = sourcecode.c.h; path = ObjectivelyGPU.h; sourceTree = "<group>"; };
		C862954A9DD435C1FF7CD31D /* CopyPass.c */ = {isa = PBXFileReference; lastKnownFileType = sourcecode.c.c; path = CopyPass.c; sourceTree = "<group>"; };
		CEA0030000000000000000F0 /* Objectively.framework */ = {isa = PBXFileReference; explicitFileType = wrapper.framework; path = Objectively.framework; sourceTree = BUILT_PRODUCTS_DIR; };
		CEBA3F5E2FF30F1E00758CA6 /* Texture.h */ = {isa = PBXFileReference; lastKnownFileType = sourcecode.c.h; path = Texture.h; sourceTree = "<group>"; };
		CEBA3F5F2FF30F1E00758CA6 /* Texture.c */ = {isa = PBXFileReference; lastKnownFileType = sourcecode.c.c; path = Texture.c; sourceTree = "<group>"; };
		CEBA3F622FF3211F00758CA6 /* Buffer.h */ = {isa = PBXFileReference; lastKnownFileType = sourcecode.c.h; path = Buffer.h; sourceTree = "<group>"; };
		CEBA3F632FF3211F00758CA6 /* Buffer.c */ = {isa = PBXFileReference; lastKnownFileType = sourcecode.c.c; path = Buffer.c; sourceTree = "<group>"; };
		CEBA3F642FF3211F00758CA6 /* ComputePipeline.h */ = {isa = PBXFileReference; lastKnownFileType = sourcecode.c.h; path = ComputePipeline.h; sourceTree = "<group>"; };
		CEBA3F652FF3211F00758CA6 /* GraphicsPipeline.h */ = {isa = PBXFileReference; lastKnownFileType = sourcecode.c.h; path = GraphicsPipeline.h; sourceTree = "<group>"; };
		CEBA3F662FF3211F00758CA6 /* GraphicsPipeline.c */ = {isa = PBXFileReference; lastKnownFileType = sourcecode.c.c; path = GraphicsPipeline.c; sourceTree = "<group>"; };
		CEBA3F672FF3211F00758CA6 /* Sampler.h */ = {isa = PBXFileReference; lastKnownFileType = sourcecode.c.h; path = Sampler.h; sourceTree = "<group>"; };
		CEBA3F682FF3211F00758CA6 /* Sampler.c */ = {isa = PBXFileReference; lastKnownFileType = sourcecode.c.c; path = Sampler.c; sourceTree = "<group>"; };
		CEBA3F692FF3211F00758CA6 /* Shader.h */ = {isa = PBXFileReference; lastKnownFileType = sourcecode.c.h; path = Shader.h; sourceTree = "<group>"; };
		CEBA3F6A2FF3211F00758CA6 /* Shader.c */ = {isa = PBXFileReference; lastKnownFileType = sourcecode.c.c; path = Shader.c; sourceTree = "<group>"; };
		CEBA3F742FF330A700758CA6 /* ComputePipeline.c */ = {isa = PBXFileReference; lastKnownFileType = sourcecode.c.c; path = ComputePipeline.c; sourceTree = "<group>"; };
		CEBA3F7C2FF36E2300758CA6 /* fetch-sdl3.sh */ = {isa = PBXFileReference; lastKnownFileType = text.script.sh; path = "fetch-sdl3.sh"; sourceTree = "<group>"; };
		CECF83942FEF65EB00CB0CCA /* Makefile.am */ = {isa = PBXFileReference; lastKnownFileType = text; path = Makefile.am; sourceTree = "<group>"; };
		CECF83952FEF65FF00CB0CCA /* Makefile.am */ = {isa = PBXFileReference; lastKnownFileType = text; path = Makefile.am; sourceTree = "<group>"; };
		CECF83962FEF65FF00CB0CCA /* ObjectivelyGPU.pc.in */ = {isa = PBXFileReference; lastKnownFileType = text; path = ObjectivelyGPU.pc.in; sourceTree = "<group>"; };
		CECF83972FEF6A7200CB0CCA /* Mathlib.h */ = {isa = PBXFileReference; lastKnownFileType = sourcecode.c.h; path = Mathlib.h; sourceTree = "<group>"; };
		CECF83A32FEF6F5B00CB0CCA /* Makefile.am */ = {isa = PBXFileReference; lastKnownFileType = text; path = Makefile.am; sourceTree = "<group>"; };
		CECF83A42FEF712F00CB0CCA /* Hello.frag.glsl */ = {isa = PBXFileReference; lastKnownFileType = text; path = Hello.frag.glsl; sourceTree = "<group>"; };
		CECF83A52FEF712F00CB0CCA /* Hello.frag.metal */ = {isa = PBXFileReference; lastKnownFileType = sourcecode.metal; path = Hello.frag.metal; sourceTree = "<group>"; };
		CECF83A62FEF712F00CB0CCA /* Hello.frag.spv */ = {isa = PBXFileReference; lastKnownFileType = file; path = Hello.frag.spv; sourceTree = "<group>"; };
		CECF83A72FEF712F00CB0CCA /* Hello.vert.glsl */ = {isa = PBXFileReference; lastKnownFileType = text; path = Hello.vert.glsl; sourceTree = "<group>"; };
		CECF83A82FEF712F00CB0CCA /* Hello.vert.metal */ = {isa = PBXFileReference; lastKnownFileType = sourcecode.metal; path = Hello.vert.metal; sourceTree = "<group>"; };
		CECF83A92FEF712F00CB0CCA /* Hello.vert.spv */ = {isa = PBXFileReference; lastKnownFileType = file; path = Hello.vert.spv; sourceTree = "<group>"; };
		CECF83AA2FEF712F00CB0CCA /* HelloCompute.comp.glsl */ = {isa = PBXFileReference; lastKnownFileType = text; path = HelloCompute.comp.glsl; sourceTree = "<group>"; };
		CECF83AB2FEF712F00CB0CCA /* HelloCompute.comp.metal */ = {isa = PBXFileReference; lastKnownFileType = sourcecode.metal; path = HelloCompute.comp.metal; sourceTree = "<group>"; };
		CECF83AC2FEF712F00CB0CCA /* HelloCompute.comp.spv */ = {isa = PBXFileReference; lastKnownFileType = file; path = HelloCompute.comp.spv; sourceTree = "<group>"; };
		CECF83AD2FEF712F00CB0CCA /* HelloCompute.frag.glsl */ = {isa = PBXFileReference; lastKnownFileType = text; path = HelloCompute.frag.glsl; sourceTree = "<group>"; };
		CECF83AE2FEF712F00CB0CCA /* HelloCompute.frag.metal */ = {isa = PBXFileReference; lastKnownFileType = sourcecode.metal; path = HelloCompute.frag.metal; sourceTree = "<group>"; };
		CECF83AF2FEF712F00CB0CCA /* HelloCompute.frag.spv */ = {isa = PBXFileReference; lastKnownFileType = file; path = HelloCompute.frag.spv; sourceTree = "<group>"; };
		CECF83B02FEF712F00CB0CCA /* HelloCompute.vert.glsl */ = {isa = PBXFileReference; lastKnownFileType = text; path = HelloCompute.vert.glsl; sourceTree = "<group>"; };
		CECF83B12FEF712F00CB0CCA /* HelloCompute.vert.metal */ = {isa = PBXFileReference; lastKnownFileType = sourcecode.metal; path = HelloCompute.vert.metal; sourceTree = "<group>"; };
		CECF83B22FEF712F00CB0CCA /* HelloCompute.vert.spv */ = {isa = PBXFileReference; lastKnownFileType = file; path = HelloCompute.vert.spv; sourceTree = "<group>"; };
		CECF83C52FF03A3500CB0CCA /* Framebuffer.h */ = {isa = PBXFileReference; lastKnownFileType = sourcecode.c.h; path = Framebuffer.h; sourceTree = "<group>"; };
		CECF83C62FF03A3500CB0CCA /* Framebuffer.c */ = {isa = PBXFileReference; lastKnownFileType = sourcecode.c.c; path = Framebuffer.c; sourceTree = "<group>"; };
		CEEAAFF72FED833A00FFEBE6 /* COPYING */ = {isa = PBXFileReference; lastKnownFileType = text; path = COPYING; sourceTree = "<group>"; };
		CEEAAFF82FED833A00FFEBE6 /* Makefile.am */ = {isa = PBXFileReference; lastKnownFileType = text; path = Makefile.am; sourceTree = "<group>"; };
		CEEAAFFA2FED833A00FFEBE6 /* README.md */ = {isa = PBXFileReference; lastKnownFileType = net.daringfireball.markdown; path = README.md; sourceTree = "<group>"; };
		CEEAAFFD2FED83E400FFEBE6 /* configure.ac */ = {isa = PBXFileReference; lastKnownFileType = text; path = configure.ac; sourceTree = "<group>"; };
		DOC00010000000000000001 /* index.md */ = {isa = PBXFileReference; fileEncoding = 4; lastKnownFileType = net.daringfireball.markdown; path = index.md; sourceTree = "<group>"; };
		DOC00020000000000000001 /* Doxyfile */ = {isa = PBXFileReference; fileEncoding = 4; lastKnownFileType = text; path = Doxyfile; sourceTree = "<group>"; };
		E71C479F7B60345FDDA44201 /* CommandBuffer.h */ = {isa = PBXFileReference; lastKnownFileType = sourcecode.c.h; path = CommandBuffer.h; sourceTree = "<group>"; };
		ED8024CA4186E352C1EC4CA1 /* ComputePass.c */ = {isa = PBXFileReference; lastKnownFileType = sourcecode.c.c; path = ComputePass.c; sourceTree = "<group>"; };
		EE00010000000000000000B1 /* Hello.c */ = {isa = PBXFileReference; lastKnownFileType = sourcecode.c.c; path = Hello.c; sourceTree = "<group>"; };
		EE00020000000000000000B2 /* HelloCompute.c */ = {isa = PBXFileReference; lastKnownFileType = sourcecode.c.c; path = HelloCompute.c; sourceTree = "<group>"; };
		EE00030000000000000000B3 /* ObjectivelyGPU-Hello */ = {isa = PBXFileReference; explicitFileType = "compiled.mach-o.executable"; includeInIndex = 0; path = "ObjectivelyGPU-Hello"; sourceTree = BUILT_PRODUCTS_DIR; };
		EE00040000000000000000B4 /* ObjectivelyGPU-HelloCompute */ = {isa = PBXFileReference; explicitFileType = "compiled.mach-o.executable"; includeInIndex = 0; path = "ObjectivelyGPU-HelloCompute"; sourceTree = BUILT_PRODUCTS_DIR; };
		EI00020000000000000000B2 /* Info.plist */ = {isa = PBXFileReference; lastKnownFileType = text.plist.xml; path = Info.plist; sourceTree = "<group>"; };
		EI00030000000000000000B3 /* LaunchScreen.storyboard */ = {isa = PBXFileReference; lastKnownFileType = file.storyboard; path = LaunchScreen.storyboard; sourceTree = "<group>"; };
		EI00040000000000000000B4 /* ObjectivelyGPU-Hello-iOS.app */ = {isa = PBXFileReference; explicitFileType = wrapper.application; includeInIndex = 0; path = "ObjectivelyGPU-Hello-iOS.app"; sourceTree = BUILT_PRODUCTS_DIR; };
/* End PBXFileReference section */

/* Begin PBXFrameworksBuildPhase section */
		DE1439ACCFCEB73E6F9981A5 /* Frameworks */ = {
			isa = PBXFrameworksBuildPhase;
			buildActionMask = 2147483647;
			files = (
				AA000000000000000000FF01 /* SDL3.xcframework in Frameworks */,
				CEA0030000000000000000F1 /* Objectively.framework in Frameworks */,
			);
			runOnlyForDeploymentPostprocessing = 0;
		};
		EE00400000000000000000B1 /* Frameworks */ = {
			isa = PBXFrameworksBuildPhase;
			buildActionMask = 2147483647;
			files = (
				EE00130000000000000000B4 /* SDL3.xcframework in Frameworks */,
				EE00140000000000000000B5 /* Objectively.framework in Frameworks */,
				EE00120000000000000000B3 /* ObjectivelyGPU.framework in Frameworks */,
			);
			runOnlyForDeploymentPostprocessing = 0;
		};
		EE00600000000000000000B1 /* Frameworks */ = {
			isa = PBXFrameworksBuildPhase;
			buildActionMask = 2147483647;
			files = (
				EE00160000000000000000B7 /* SDL3.xcframework in Frameworks */,
				EE00170000000000000000B8 /* Objectively.framework in Frameworks */,
				EE00150000000000000000B6 /* ObjectivelyGPU.framework in Frameworks */,
			);
			runOnlyForDeploymentPostprocessing = 0;
		};
		EI00B00000000000000000B1 /* Frameworks */ = {
			isa = PBXFrameworksBuildPhase;
			buildActionMask = 2147483647;
			files = (
				EI00400000000000000000B4 /* SDL3.xcframework in Frameworks */,
				CEBA3F772FF3418E00758CA6 /* Objectively.framework in Frameworks */,
				CEBA3F782FF3419100758CA6 /* ObjectivelyGPU.framework in Frameworks */,
			);
			runOnlyForDeploymentPostprocessing = 0;
		};
/* End PBXFrameworksBuildPhase section */

/* Begin PBXGroup section */
		8C4FDD7B635240BD562EBB49 = {
			isa = PBXGroup;
			children = (
				DOC00030000000000000001 /* Documentation */,
				EE00200000000000000000B1 /* Examples */,
				CE73E9F62FEEA53E0048BC24 /* Frameworks */,
				B23D89B2D2DF3745A003AEB1 /* Products */,
				904A6003E847F129BD1EE63E /* Sources */,
				CEEAAFF72FED833A00FFEBE6 /* COPYING */,
				CEEAAFF82FED833A00FFEBE6 /* Makefile.am */,
				CEEAAFFA2FED833A00FFEBE6 /* README.md */,
				CEEAAFFD2FED83E400FFEBE6 /* configure.ac */,
				DOC00020000000000000001 /* Doxyfile */,
			);
			sourceTree = "<group>";
		};
		904A6003E847F129BD1EE63E /* Sources */ = {
			isa = PBXGroup;
			children = (
				AFF3775B279FC0FE4D348FBA /* ObjectivelyGPU */,
				C16D60B0E94469E649953EC5 /* ObjectivelyGPU.h */,
				CECF83962FEF65FF00CB0CCA /* ObjectivelyGPU.pc.in */,
				CECF83952FEF65FF00CB0CCA /* Makefile.am */,
			);
			path = Sources;
			sourceTree = "<group>";
		};
		AFF3775B279FC0FE4D348FBA /* ObjectivelyGPU */ = {
			isa = PBXGroup;
			children = (
				CEBA3F622FF3211F00758CA6 /* Buffer.h */,
				CEBA3F632FF3211F00758CA6 /* Buffer.c */,
				E71C479F7B60345FDDA44201 /* CommandBuffer.h */,
				6C38B23048C269B804E75F03 /* CommandBuffer.c */,
				09B8DD26CDB7926D89445C91 /* ComputePass.h */,
				ED8024CA4186E352C1EC4CA1 /* ComputePass.c */,
				CEBA3F742FF330A700758CA6 /* ComputePipeline.c */,
				CEBA3F642FF3211F00758CA6 /* ComputePipeline.h */,
				338EC7DCAE74C1B8C397D189 /* Config.h */,
				59334BDAED542AB6DE565EDD /* CopyPass.h */,
				C862954A9DD435C1FF7CD31D /* CopyPass.c */,
				CECF83C52FF03A3500CB0CCA /* Framebuffer.h */,
				CECF83C62FF03A3500CB0CCA /* Framebuffer.c */,
				CEBA3F652FF3211F00758CA6 /* GraphicsPipeline.h */,
				CEBA3F662FF3211F00758CA6 /* GraphicsPipeline.c */,
				CECF83972FEF6A7200CB0CCA /* Mathlib.h */,
				9220C57BBAA3C951D8083799 /* RenderDevice.h */,
				77315F9BC357C97B885E883C /* RenderDevice.c */,
				206D63692B601BD90F377BF5 /* RenderPass.h */,
				669BE73362E651792735CB1C /* RenderPass.c */,
				CEBA3F672FF3211F00758CA6 /* Sampler.h */,
				CEBA3F682FF3211F00758CA6 /* Sampler.c */,
				CEBA3F692FF3211F00758CA6 /* Shader.h */,
				CEBA3F6A2FF3211F00758CA6 /* Shader.c */,
				CEBA3F5E2FF30F1E00758CA6 /* Texture.h */,
				CEBA3F5F2FF30F1E00758CA6 /* Texture.c */,
				38F069D0DBE26C7E00B5B5EE /* Types.h */,
				CECF83942FEF65EB00CB0CCA /* Makefile.am */,
			);
			path = ObjectivelyGPU;
			sourceTree = "<group>";
		};
		B23D89B2D2DF3745A003AEB1 /* Products */ = {
			isa = PBXGroup;
			children = (
				6251F22589273797656C269E /* ObjectivelyGPU.framework */,
				EE00030000000000000000B3 /* ObjectivelyGPU-Hello */,
				EE00040000000000000000B4 /* ObjectivelyGPU-HelloCompute */,
				EI00040000000000000000B4 /* ObjectivelyGPU-Hello-iOS.app */,
			);
			name = Products;
			sourceTree = "<group>";
		};
		CE73E9F62FEEA53E0048BC24 /* Frameworks */ = {
			isa = PBXGroup;
			children = (
				AA000000000000000000EE01 /* SDL3.xcframework */,
				CEA0030000000000000000F0 /* Objectively.framework */,
				CEBA3F7C2FF36E2300758CA6 /* fetch-sdl3.sh */,
			);
			name = Frameworks;
			sourceTree = "<group>";
		};
		DOC00030000000000000001 /* Documentation */ = {
			isa = PBXGroup;
			children = (
				DOC00010000000000000001 /* index.md */,
			);
			path = Documentation;
			sourceTree = "<group>";
		};
		EE00200000000000000000B1 /* Examples */ = {
			isa = PBXGroup;
			children = (
				EE00010000000000000000B1 /* Hello.c */,
				CECF83A42FEF712F00CB0CCA /* Hello.frag.glsl */,
				CECF83A52FEF712F00CB0CCA /* Hello.frag.metal */,
				CECF83A62FEF712F00CB0CCA /* Hello.frag.spv */,
				CECF83A72FEF712F00CB0CCA /* Hello.vert.glsl */,
				CECF83A82FEF712F00CB0CCA /* Hello.vert.metal */,
				CECF83A92FEF712F00CB0CCA /* Hello.vert.spv */,
				EE00020000000000000000B2 /* HelloCompute.c */,
				CECF83AA2FEF712F00CB0CCA /* HelloCompute.comp.glsl */,
				CECF83AB2FEF712F00CB0CCA /* HelloCompute.comp.metal */,
				CECF83AC2FEF712F00CB0CCA /* HelloCompute.comp.spv */,
				CECF83AD2FEF712F00CB0CCA /* HelloCompute.frag.glsl */,
				CECF83AE2FEF712F00CB0CCA /* HelloCompute.frag.metal */,
				CECF83AF2FEF712F00CB0CCA /* HelloCompute.frag.spv */,
				CECF83B02FEF712F00CB0CCA /* HelloCompute.vert.glsl */,
				CECF83B12FEF712F00CB0CCA /* HelloCompute.vert.metal */,
				CECF83B22FEF712F00CB0CCA /* HelloCompute.vert.spv */,
				EI00020000000000000000B2 /* Info.plist */,
				EI00030000000000000000B3 /* LaunchScreen.storyboard */,
				CECF83A32FEF6F5B00CB0CCA /* Makefile.am */,
			);
			path = Examples;
			sourceTree = "<group>";
		};
/* End PBXGroup section */

/* Begin PBXHeadersBuildPhase section */
		FAEE1924216535BBA6F1D0CD /* Headers */ = {
			isa = PBXHeadersBuildPhase;
			buildActionMask = 2147483647;
			files = (
				CEBA3F6F2FF3211F00758CA6 /* Buffer.h in Headers */,
				2A17F0E01E5CC25A431FFBAD /* CommandBuffer.h in Headers */,
				034285033FECAB2D6BD6AE5B /* ComputePass.h in Headers */,
				CEBA3F6D2FF3211F00758CA6 /* ComputePipeline.h in Headers */,
				6F351DFD232DA78A42D8B494 /* Config.h in Headers */,
				DF73824CC25298378B451056 /* CopyPass.h in Headers */,
				CECF83C72FF03A3500CB0CCA /* Framebuffer.h in Headers */,
				CEBA3F6B2FF3211F00758CA6 /* GraphicsPipeline.h in Headers */,
				CECF83982FEF6A7200CB0CCA /* Mathlib.h in Headers */,
				A09AD953AC672E0DE9D1E26D /* ObjectivelyGPU.h in Headers */,
				59897FC7BCC194032E971A9B /* RenderDevice.h in Headers */,
				683F683E23149C267D613EA0 /* RenderPass.h in Headers */,
				CEBA3F6C2FF3211F00758CA6 /* Sampler.h in Headers */,
				CEBA3F6E2FF3211F00758CA6 /* Shader.h in Headers */,
				CEBA3F602FF30F1E00758CA6 /* Texture.h in Headers */,
				90C29A39257729BE8D4FDDF8 /* Types.h in Headers */,
			);
			runOnlyForDeploymentPostprocessing = 0;
		};
/* End PBXHeadersBuildPhase section */

/* Begin PBXNativeTarget section */
		EA25F2CECA5EE87704453CE2 /* ObjectivelyGPU */ = {
			isa = PBXNativeTarget;
			buildConfigurationList = E0A6C122544D4229709A79AD /* Build configuration list for PBXNativeTarget "ObjectivelyGPU" */;
			buildPhases = (
				3B7DFB0747829707F437ED7F /* Sources */,
				DE1439ACCFCEB73E6F9981A5 /* Frameworks */,
				FAEE1924216535BBA6F1D0CD /* Headers */,
			);
			buildRules = (
			);
			dependencies = (
			);
			name = ObjectivelyGPU;
			productName = ObjectivelyGPU;
			productReference = 6251F22589273797656C269E /* ObjectivelyGPU.framework */;
			productType = "com.apple.product-type.framework";
		};
		EE00B00000000000000000B1 /* ObjectivelyGPU-Hello */ = {
			isa = PBXNativeTarget;
			buildConfigurationList = EE01100000000000000000B1 /* Build configuration list for PBXNativeTarget "ObjectivelyGPU-Hello" */;
			buildPhases = (
				EE00300000000000000000B1 /* Sources */,
				EE00400000000000000000B1 /* Frameworks */,
				CECF83B42FEF763B00CB0CCA /* CopyFiles */,
			);
			buildRules = (
			);
			dependencies = (
				EE00800000000000000000B1 /* PBXTargetDependency */,
			);
			name = "ObjectivelyGPU-Hello";
			productName = "ObjectivelyGPU-Hello";
			productReference = EE00030000000000000000B3 /* ObjectivelyGPU-Hello */;
			productType = "com.apple.product-type.tool";
		};
		EE00C00000000000000000B1 /* ObjectivelyGPU-HelloCompute */ = {
			isa = PBXNativeTarget;
			buildConfigurationList = EE01200000000000000000B1 /* Build configuration list for PBXNativeTarget "ObjectivelyGPU-HelloCompute" */;
			buildPhases = (
				EE00500000000000000000B1 /* Sources */,
				EE00600000000000000000B1 /* Frameworks */,
				CE1643382FF413A800863996 /* CopyFiles */,
			);
			buildRules = (
			);
			dependencies = (
				EE00A00000000000000000B1 /* PBXTargetDependency */,
			);
			name = "ObjectivelyGPU-HelloCompute";
			productName = "ObjectivelyGPU-HelloCompute";
			productReference = EE00040000000000000000B4 /* ObjectivelyGPU-HelloCompute */;
			productType = "com.apple.product-type.tool";
		};
		EI00F00000000000000000B1 /* ObjectivelyGPU-Hello-iOS */ = {
			isa = PBXNativeTarget;
			buildConfigurationList = EI01200000000000000000B1 /* Build configuration list for PBXNativeTarget "ObjectivelyGPU-Hello-iOS" */;
			buildPhases = (
				EI00A00000000000000000B1 /* Sources */,
				EI00B00000000000000000B1 /* Frameworks */,
				EI00C00000000000000000B1 /* Resources */,
				EI00D00000000000000000B1 /* Embed Frameworks */,
			);
			buildRules = (
			);
			dependencies = (
			);
			name = "ObjectivelyGPU-Hello-iOS";
			productName = "ObjectivelyGPU-Hello-iOS";
			productReference = EI00040000000000000000B4 /* ObjectivelyGPU-Hello-iOS.app */;
			productType = "com.apple.product-type.application";
		};
/* End PBXNativeTarget section */

/* Begin PBXProject section */
		46F86FAA6BBF9AC94A7E4595 /* Project object */ = {
			isa = PBXProject;
			attributes = {
				BuildIndependentTargetsInParallel = YES;
				LastUpgradeCheck = 2660;
				ORGANIZATIONNAME = "https://github.com/jdolan";
				TargetAttributes = {
					EA25F2CECA5EE87704453CE2 = {
						CreatedOnToolsVersion = 16.0;
					};
				};
			};
			buildConfigurationList = 406C6DFE431ECD1665C1EE27 /* Build configuration list for PBXProject "ObjectivelyGPU" */;
			compatibilityVersion = "Xcode 14.0";
			developmentRegion = en;
			hasScannedForEncodings = 0;
			knownRegions = (
				en,
				Base,
			);
			mainGroup = 8C4FDD7B635240BD562EBB49;
			productRefGroup = B23D89B2D2DF3745A003AEB1 /* Products */;
			projectDirPath = "";
			projectRoot = "";
			targets = (
				EA25F2CECA5EE87704453CE2 /* ObjectivelyGPU */,
				SC00000000000000000000A0 /* ObjectivelyGPU-shadercross */,
				EE00B00000000000000000B1 /* ObjectivelyGPU-Hello */,
				EE00C00000000000000000B1 /* ObjectivelyGPU-HelloCompute */,
				EI00F00000000000000000B1 /* ObjectivelyGPU-Hello-iOS */,
			);
		};
/* End PBXProject section */

/* Begin PBXResourcesBuildPhase section */
		EI00C00000000000000000B1 /* Resources */ = {
			isa = PBXResourcesBuildPhase;
			buildActionMask = 2147483647;
			files = (
				EI00200000000000000000B1 /* Hello.frag.metal in Resources */,
				EI00300000000000000000B1 /* Hello.vert.metal in Resources */,
			);
			runOnlyForDeploymentPostprocessing = 0;
		};
/* End PBXResourcesBuildPhase section */

/* Begin PBXShellScriptBuildPhase section */
		SC00100000000000000000A0 /* Compile Shaders */ = {
			isa = PBXShellScriptBuildPhase;
			buildActionMask = 2147483647;
			files = (
			);
			inputFileListPaths = (
			);
			inputPaths = (
				"$(SRCROOT)/Examples/Hello.vert.glsl",
				"$(SRCROOT)/Examples/Hello.frag.glsl",
				"$(SRCROOT)/Examples/HelloCompute.comp.glsl",
				"$(SRCROOT)/Examples/HelloCompute.vert.glsl",
				"$(SRCROOT)/Examples/HelloCompute.frag.glsl",
			);
			name = "Compile Shaders";
			outputFileListPaths = (
			);
			outputPaths = (
				"$(SRCROOT)/Examples/Hello.vert.spv",
				"$(SRCROOT)/Examples/Hello.vert.msl",
				"$(SRCROOT)/Examples/Hello.frag.spv",
				"$(SRCROOT)/Examples/Hello.frag.msl",
				"$(SRCROOT)/Examples/HelloCompute.comp.spv",
				"$(SRCROOT)/Examples/HelloCompute.comp.msl",
				"$(SRCROOT)/Examples/HelloCompute.vert.spv",
				"$(SRCROOT)/Examples/HelloCompute.vert.msl",
				"$(SRCROOT)/Examples/HelloCompute.frag.spv",
				"$(SRCROOT)/Examples/HelloCompute.frag.msl",
			);
			runOnlyForDeploymentPostprocessing = 0;
			shellPath = /bin/sh;
			shellScript = "set -e\ncompile() {\n  local name=$1 stage=$2\n  glslc -fshader-stage=$stage \"$SRCROOT/Examples/${name}.glsl\" -o \"$SRCROOT/Examples/${name}.spv\"\n  shadercross \"$SRCROOT/Examples/${name}.spv\" -s SPIRV -d MSL -t $stage -o \"$SRCROOT/Examples/${name}.msl\"\n}\ncompile Hello.vert vertex\ncompile Hello.frag fragment\ncompile HelloCompute.comp compute\ncompile HelloCompute.vert vertex\ncompile HelloCompute.frag fragment\n";
			showEnvVarsInLog = 0;
		};
/* End PBXShellScriptBuildPhase section */

/* Begin PBXSourcesBuildPhase section */
		3B7DFB0747829707F437ED7F /* Sources */ = {
			isa = PBXSourcesBuildPhase;
			buildActionMask = 2147483647;
			files = (
				CEBA3F712FF3211F00758CA6 /* Buffer.c in Sources */,
				36FBB92ACB08F2078D50C84D /* CommandBuffer.c in Sources */,
				F73340493879CD8034F99D51 /* ComputePass.c in Sources */,
				CEBA3F752FF330A700758CA6 /* ComputePipeline.c in Sources */,
				CCCB11DB70E4A962360A2119 /* CopyPass.c in Sources */,
				CECF83C82FF03A3500CB0CCA /* Framebuffer.c in Sources */,
				CEBA3F702FF3211F00758CA6 /* GraphicsPipeline.c in Sources */,
				CEBA3F732FF3211F00758CA6 /* Sampler.c in Sources */,
				CEBA3F722FF3211F00758CA6 /* Shader.c in Sources */,
				86E5132F5DCCB6B674151343 /* RenderDevice.c in Sources */,
				FF30FF2D56F9E4EA3C492CBB /* RenderPass.c in Sources */,
				CEBA3F612FF30F1E00758CA6 /* Texture.c in Sources */,
			);
			runOnlyForDeploymentPostprocessing = 0;
		};
		EE00300000000000000000B1 /* Sources */ = {
			isa = PBXSourcesBuildPhase;
			buildActionMask = 2147483647;
			files = (
				EE00100000000000000000B1 /* Hello.c in Sources */,
			);
			runOnlyForDeploymentPostprocessing = 0;
		};
		EE00500000000000000000B1 /* Sources */ = {
			isa = PBXSourcesBuildPhase;
			buildActionMask = 2147483647;
			files = (
				EE00110000000000000000B2 /* HelloCompute.c in Sources */,
			);
			runOnlyForDeploymentPostprocessing = 0;
		};
		EI00A00000000000000000B1 /* Sources */ = {
			isa = PBXSourcesBuildPhase;
			buildActionMask = 2147483647;
			files = (
				EI00100000000000000000B1 /* Hello.c in Sources */,
			);
			runOnlyForDeploymentPostprocessing = 0;
		};
/* End PBXSourcesBuildPhase section */

/* Begin PBXTargetDependency section */
		EE00800000000000000000B1 /* PBXTargetDependency */ = {
			isa = PBXTargetDependency;
			target = EA25F2CECA5EE87704453CE2 /* ObjectivelyGPU */;
			targetProxy = EE00700000000000000000B1 /* PBXContainerItemProxy */;
		};
		EE00A00000000000000000B1 /* PBXTargetDependency */ = {
			isa = PBXTargetDependency;
			target = EA25F2CECA5EE87704453CE2 /* ObjectivelyGPU */;
			targetProxy = EE00900000000000000000B1 /* PBXContainerItemProxy */;
		};
/* End PBXTargetDependency section */

/* Begin XCBuildConfiguration section */
		02E8EA186897855DF59BB780 /* Release */ = {
			isa = XCBuildConfiguration;
			buildSettings = {
				COMBINE_HIDPI_IMAGES = YES;
				DEFINES_MODULE = YES;
				DYLIB_COMPATIBILITY_VERSION = 1;
				DYLIB_CURRENT_VERSION = 1;
				ENABLE_USER_SCRIPT_SANDBOXING = YES;
				FRAMEWORK_SEARCH_PATHS = (
					"$(inherited)",
					"$(SRCROOT)/Frameworks",
				);
				FRAMEWORK_VERSION = A;
				GENERATE_INFOPLIST_FILE = YES;
				HEADER_SEARCH_PATHS = (
					"$(inherited)",
					"$(SRCROOT)/Sources",
					"$(WORKSPACE_PREFIX)/Objectively/Sources",
					"$(SRCROOT)/Frameworks/SDL3.xcframework/macos-arm64_x86_64/SDL3.framework/Headers",
				);
				INSTALL_PATH = "$(LOCAL_LIBRARY_DIR)/Frameworks";
				LD_RUNPATH_SEARCH_PATHS = (
					"$(inherited)",
					"@executable_path/../Frameworks",
					"@loader_path/Frameworks",
				);
				PRODUCT_BUNDLE_IDENTIFIER = com.github.jdolan.ObjectivelyGPU;
				PRODUCT_NAME = "$(TARGET_NAME)";
				SKIP_INSTALL = YES;
				SUPPORTED_PLATFORMS = "iphoneos iphonesimulator macosx";
				SUPPORTS_MACCATALYST = NO;
				TARGETED_DEVICE_FAMILY = 1;
				VERSIONING_SYSTEM = "apple-generic";
			};
			name = Release;
		};
		AEC4259544188C1FBB7E4C07 /* Debug */ = {
			isa = XCBuildConfiguration;
			buildSettings = {
				COMBINE_HIDPI_IMAGES = YES;
				DEFINES_MODULE = YES;
				DYLIB_COMPATIBILITY_VERSION = 1;
				DYLIB_CURRENT_VERSION = 1;
				ENABLE_USER_SCRIPT_SANDBOXING = YES;
				FRAMEWORK_SEARCH_PATHS = (
					"$(inherited)",
					"$(SRCROOT)/Frameworks",
				);
				FRAMEWORK_VERSION = A;
				GENERATE_INFOPLIST_FILE = YES;
				HEADER_SEARCH_PATHS = (
					"$(inherited)",
					"$(SRCROOT)/Sources",
					"$(WORKSPACE_PREFIX)/Objectively/Sources",
					"$(SRCROOT)/Frameworks/SDL3.xcframework/macos-arm64_x86_64/SDL3.framework/Headers",
				);
				INSTALL_PATH = "$(LOCAL_LIBRARY_DIR)/Frameworks";
				LD_RUNPATH_SEARCH_PATHS = (
					"$(inherited)",
					"@executable_path/../Frameworks",
					"@loader_path/Frameworks",
				);
				PRODUCT_BUNDLE_IDENTIFIER = com.github.jdolan.ObjectivelyGPU;
				PRODUCT_NAME = "$(TARGET_NAME)";
				SKIP_INSTALL = YES;
				SUPPORTED_PLATFORMS = "iphoneos iphonesimulator macosx";
				SUPPORTS_MACCATALYST = NO;
				TARGETED_DEVICE_FAMILY = 1;
				VERSIONING_SYSTEM = "apple-generic";
			};
			name = Debug;
		};
		B7DC821DF56771B677CD9D20 /* Release */ = {
			isa = XCBuildConfiguration;
			buildSettings = {
				ALWAYS_SEARCH_USER_PATHS = NO;
				CLANG_ENABLE_MODULES = YES;
				COPY_PHASE_STRIP = NO;
				DEBUG_INFORMATION_FORMAT = "dwarf-with-dsym";
				ENABLE_NS_ASSERTIONS = NO;
				ENABLE_STRICT_OBJC_MSGSEND = YES;
				GCC_C_LANGUAGE_STANDARD = gnu23;
				IPHONEOS_DEPLOYMENT_TARGET = 16.0;
				MACOSX_DEPLOYMENT_TARGET = 13.0;
				MTL_ENABLE_DEBUG_INFO = NO;
				SDKROOT = macosx;
				STRING_CATALOG_GENERATE_SYMBOLS = YES;
				VALIDATE_PRODUCT = YES;
			};
			name = Release;
		};
		E9B05C51385583BE376E321C /* Debug */ = {
			isa = XCBuildConfiguration;
			buildSettings = {
				ALWAYS_SEARCH_USER_PATHS = NO;
				CLANG_ENABLE_MODULES = YES;
				COPY_PHASE_STRIP = NO;
				DEBUG_INFORMATION_FORMAT = dwarf;
				ENABLE_STRICT_OBJC_MSGSEND = YES;
				GCC_C_LANGUAGE_STANDARD = gnu23;
				GCC_DYNAMIC_NO_PIC = NO;
				GCC_OPTIMIZATION_LEVEL = 0;
				GCC_PREPROCESSOR_DEFINITIONS = (
					"DEBUG=1",
					"$(inherited)",
				);
				IPHONEOS_DEPLOYMENT_TARGET = 16.0;
				MACOSX_DEPLOYMENT_TARGET = 13.0;
				MTL_ENABLE_DEBUG_INFO = INCLUDE_SOURCE;
				ONLY_ACTIVE_ARCH = YES;
				SDKROOT = macosx;
				STRING_CATALOG_GENERATE_SYMBOLS = YES;
			};
			name = Debug;
		};
		EE00D00000000000000000B1 /* Debug */ = {
			isa = XCBuildConfiguration;
			buildSettings = {
				FRAMEWORK_SEARCH_PATHS = (
					"$(inherited)",
					"$(SRCROOT)/Frameworks",
					"$(BUILT_PRODUCTS_DIR)",
				);
				HEADER_SEARCH_PATHS = (
					"$(inherited)",
					"$(SRCROOT)/Sources",
					"$(WORKSPACE_PREFIX)/Objectively/Sources",
					"$(SRCROOT)/Frameworks/SDL3.xcframework/macos-arm64_x86_64/SDL3.framework/Headers",
				);
				LD_RUNPATH_SEARCH_PATHS = (
					"$(inherited)",
					"$(SRCROOT)/Frameworks",
					"$(BUILT_PRODUCTS_DIR)",
				);
				PRODUCT_NAME = "$(TARGET_NAME)";
			};
			name = Debug;
		};
		EE00E00000000000000000B1 /* Release */ = {
			isa = XCBuildConfiguration;
			buildSettings = {
				FRAMEWORK_SEARCH_PATHS = (
					"$(inherited)",
					"$(SRCROOT)/Frameworks",
					"$(BUILT_PRODUCTS_DIR)",
				);
				HEADER_SEARCH_PATHS = (
					"$(inherited)",
					"$(SRCROOT)/Sources",
					"$(WORKSPACE_PREFIX)/Objectively/Sources",
					"$(SRCROOT)/Frameworks/SDL3.xcframework/macos-arm64_x86_64/SDL3.framework/Headers",
				);
				LD_RUNPATH_SEARCH_PATHS = (
					"$(inherited)",
					"$(SRCROOT)/Frameworks",
					"$(BUILT_PRODUCTS_DIR)",
				);
				PRODUCT_NAME = "$(TARGET_NAME)";
			};
			name = Release;
		};
		EE00F00000000000000000B1 /* Debug */ = {
			isa = XCBuildConfiguration;
			buildSettings = {
				FRAMEWORK_SEARCH_PATHS = (
					"$(inherited)",
					"$(SRCROOT)/Frameworks",
					"$(BUILT_PRODUCTS_DIR)",
				);
				HEADER_SEARCH_PATHS = (
					"$(inherited)",
					"$(SRCROOT)/Sources",
					"$(WORKSPACE_PREFIX)/Objectively/Sources",
					"$(SRCROOT)/Frameworks/SDL3.xcframework/macos-arm64_x86_64/SDL3.framework/Headers",
				);
				LD_RUNPATH_SEARCH_PATHS = (
					"$(inherited)",
					"$(SRCROOT)/Frameworks",
					"$(BUILT_PRODUCTS_DIR)",
				);
				PRODUCT_NAME = "$(TARGET_NAME)";
			};
			name = Debug;
		};
		EE01000000000000000000B1 /* Release */ = {
			isa = XCBuildConfiguration;
			buildSettings = {
				FRAMEWORK_SEARCH_PATHS = (
					"$(inherited)",
					"$(SRCROOT)/Frameworks",
					"$(BUILT_PRODUCTS_DIR)",
				);
				HEADER_SEARCH_PATHS = (
					"$(inherited)",
					"$(SRCROOT)/Sources",
					"$(WORKSPACE_PREFIX)/Objectively/Sources",
					"$(SRCROOT)/Frameworks/SDL3.xcframework/macos-arm64_x86_64/SDL3.framework/Headers",
				);
				LD_RUNPATH_SEARCH_PATHS = (
					"$(inherited)",
					"$(SRCROOT)/Frameworks",
					"$(BUILT_PRODUCTS_DIR)",
				);
				PRODUCT_NAME = "$(TARGET_NAME)";
			};
			name = Release;
		};
		EI01000000000000000000B1 /* Debug */ = {
			isa = XCBuildConfiguration;
			buildSettings = {
				CODE_SIGN_IDENTITY = "Apple Development";
				CODE_SIGN_STYLE = Automatic;
				DEVELOPMENT_TEAM = C5PXKE9CU5;
				FRAMEWORK_SEARCH_PATHS = (
					"$(SRCROOT)/Frameworks",
					"$(inherited)",
				);
				GCC_C_LANGUAGE_STANDARD = gnu23;
				HEADER_SEARCH_PATHS = (
					"$(SRCROOT)/Sources",
					"$(SRCROOT)/Frameworks/SDL3.xcframework/ios-arm64/SDL3.framework/Headers",
					"$(SRCROOT)/Frameworks/Objectively.xcframework/ios-arm64/Objectively.framework/Headers",
					"$(inherited)",
				);
				INFOPLIST_FILE = "$(SRCROOT)/Examples/Info.plist";
				LD_RUNPATH_SEARCH_PATHS = (
					"$(inherited)",
					"@executable_path/Frameworks",
				);
				PRODUCT_BUNDLE_IDENTIFIER = "com.github.jdolan.ObjectivelyGPU-Hello-iOS";
				PRODUCT_NAME = "ObjectivelyGPU-Hello-iOS";
				SDKROOT = iphoneos;
				SUPPORTS_MACCATALYST = NO;
				TARGETED_DEVICE_FAMILY = "1,2";
			};
			name = Debug;
		};
		EI01100000000000000000B2 /* Release */ = {
			isa = XCBuildConfiguration;
			buildSettings = {
				CODE_SIGN_IDENTITY = "Apple Development";
				CODE_SIGN_STYLE = Automatic;
				DEVELOPMENT_TEAM = C5PXKE9CU5;
				FRAMEWORK_SEARCH_PATHS = (
					"$(SRCROOT)/Frameworks",
					"$(inherited)",
				);
				GCC_C_LANGUAGE_STANDARD = gnu23;
				HEADER_SEARCH_PATHS = (
					"$(SRCROOT)/Sources",
					"$(SRCROOT)/Frameworks/SDL3.xcframework/ios-arm64/SDL3.framework/Headers",
					"$(SRCROOT)/Frameworks/Objectively.xcframework/ios-arm64/Objectively.framework/Headers",
					"$(inherited)",
				);
				INFOPLIST_FILE = "$(SRCROOT)/Examples/Info.plist";
				LD_RUNPATH_SEARCH_PATHS = (
					"$(inherited)",
					"@executable_path/Frameworks",
				);
				PRODUCT_BUNDLE_IDENTIFIER = "com.github.jdolan.ObjectivelyGPU-Hello-iOS";
				PRODUCT_NAME = "ObjectivelyGPU-Hello-iOS";
				SDKROOT = iphoneos;
				SUPPORTS_MACCATALYST = NO;
				TARGETED_DEVICE_FAMILY = "1,2";
			};
			name = Release;
		};
		SC00200000000000000000A0 /* Debug */ = {
			isa = XCBuildConfiguration;
			buildSettings = {
				PRODUCT_NAME = "ObjectivelyGPU-shadercross";
			};
			name = Debug;
		};
		SC00300000000000000000A0 /* Release */ = {
			isa = XCBuildConfiguration;
			buildSettings = {
				PRODUCT_NAME = "ObjectivelyGPU-shadercross";
			};
			name = Release;
		};
/* End XCBuildConfiguration section */

/* Begin XCConfigurationList section */
		406C6DFE431ECD1665C1EE27 /* Build configuration list for PBXProject "ObjectivelyGPU" */ = {
			isa = XCConfigurationList;
			buildConfigurations = (
				E9B05C51385583BE376E321C /* Debug */,
				B7DC821DF56771B677CD9D20 /* Release */,
			);
			defaultConfigurationIsVisible = 0;
			defaultConfigurationName = Release;
		};
		E0A6C122544D4229709A79AD /* Build configuration list for PBXNativeTarget "ObjectivelyGPU" */ = {
			isa = XCConfigurationList;
			buildConfigurations = (
				AEC4259544188C1FBB7E4C07 /* Debug */,
				02E8EA186897855DF59BB780 /* Release */,
			);
			defaultConfigurationIsVisible = 0;
			defaultConfigurationName = Release;
		};
		EE01100000000000000000B1 /* Build configuration list for PBXNativeTarget "ObjectivelyGPU-Hello" */ = {
			isa = XCConfigurationList;
			buildConfigurations = (
				EE00D00000000000000000B1 /* Debug */,
				EE00E00000000000000000B1 /* Release */,
			);
			defaultConfigurationIsVisible = 0;
			defaultConfigurationName = Release;
		};
		EE01200000000000000000B1 /* Build configuration list for PBXNativeTarget "ObjectivelyGPU-HelloCompute" */ = {
			isa = XCConfigurationList;
			buildConfigurations = (
				EE00F00000000000000000B1 /* Debug */,
				EE01000000000000000000B1 /* Release */,
			);
			defaultConfigurationIsVisible = 0;
			defaultConfigurationName = Release;
		};
		EI01200000000000000000B1 /* Build configuration list for PBXNativeTarget "ObjectivelyGPU-Hello-iOS" */ = {
			isa = XCConfigurationList;
			buildConfigurations = (
				EI01000000000000000000B1 /* Debug */,
				EI01100000000000000000B2 /* Release */,
			);
			defaultConfigurationIsVisible = 0;
			defaultConfigurationName = Release;
		};
		SC00400000000000000000A0 /* Build configuration list for PBXAggregateTarget "ObjectivelyGPU-shadercross" */ = {
			isa = XCConfigurationList;
			buildConfigurations = (
				SC00200000000000000000A0 /* Debug */,
				SC00300000000000000000A0 /* Release */,
			);
			defaultConfigurationIsVisible = 0;
			defaultConfigurationName = Release;
		};
/* End XCConfigurationList section */
	};
	rootObject = 46F86FAA6BBF9AC94A7E4595 /* Project object */;
}
