// !$*UTF8*$!
{
	archiveVersion = 1;
	classes = {
	};
	objectVersion = 56;
	objects = {

/* Begin PBXBuildFile section */
		AA000000000000000000FF01 /* SDL3.xcframework in Frameworks */ = {isa = PBXBuildFile; fileRef = AA000000000000000000EE01 /* SDL3.xcframework */; };
		AA000000000000000000FF02 /* Objectively.xcframework in Frameworks */ = {isa = PBXBuildFile; fileRef = AA000000000000000000EE02 /* Objectively.xcframework */; };
		2A17F0E01E5CC25A431FFBAD /* CommandBuffer.h in Headers */ = {isa = PBXBuildFile; fileRef = E71C479F7B60345FDDA44201 /* CommandBuffer.h */; settings = {ATTRIBUTES = (Public, ); }; };
		034285033FECAB2D6BD6AE5B /* ComputePass.h in Headers */ = {isa = PBXBuildFile; fileRef = 09B8DD26CDB7926D89445C91 /* ComputePass.h */; settings = {ATTRIBUTES = (Public, ); }; };
		36FBB92ACB08F2078D50C84D /* CommandBuffer.c in Sources */ = {isa = PBXBuildFile; fileRef = 6C38B23048C269B804E75F03 /* CommandBuffer.c */; };
		59897FC7BCC194032E971A9B /* RenderDevice.h in Headers */ = {isa = PBXBuildFile; fileRef = 9220C57BBAA3C951D8083799 /* RenderDevice.h */; settings = {ATTRIBUTES = (Public, ); }; };
		683F683E23149C267D613EA0 /* RenderPass.h in Headers */ = {isa = PBXBuildFile; fileRef = 206D63692B601BD90F377BF5 /* RenderPass.h */; settings = {ATTRIBUTES = (Public, ); }; };
		6F351DFD232DA78A42D8B494 /* Config.h in Headers */ = {isa = PBXBuildFile; fileRef = 338EC7DCAE74C1B8C397D189 /* Config.h */; };
		86E5132F5DCCB6B674151343 /* RenderDevice.c in Sources */ = {isa = PBXBuildFile; fileRef = 77315F9BC357C97B885E883C /* RenderDevice.c */; };
		90C29A39257729BE8D4FDDF8 /* Types.h in Headers */ = {isa = PBXBuildFile; fileRef = 38F069D0DBE26C7E00B5B5EE /* Types.h */; settings = {ATTRIBUTES = (Public, ); }; };
		A09AD953AC672E0DE9D1E26D /* ObjectivelyGPU.h in Headers */ = {isa = PBXBuildFile; fileRef = C16D60B0E94469E649953EC5 /* ObjectivelyGPU.h */; settings = {ATTRIBUTES = (Public, ); }; };
		CCCB11DB70E4A962360A2119 /* CopyPass.c in Sources */ = {isa = PBXBuildFile; fileRef = C862954A9DD435C1FF7CD31D /* CopyPass.c */; };
		DF73824CC25298378B451056 /* CopyPass.h in Headers */ = {isa = PBXBuildFile; fileRef = 59334BDAED542AB6DE565EDD /* CopyPass.h */; settings = {ATTRIBUTES = (Public, ); }; };
		F73340493879CD8034F99D51 /* ComputePass.c in Sources */ = {isa = PBXBuildFile; fileRef = ED8024CA4186E352C1EC4CA1 /* ComputePass.c */; };
		FF30FF2D56F9E4EA3C492CBB /* RenderPass.c in Sources */ = {isa = PBXBuildFile; fileRef = 669BE73362E651792735CB1C /* RenderPass.c */; };
/* End PBXBuildFile section */

/* Begin PBXFileReference section */
		09B8DD26CDB7926D89445C91 /* ComputePass.h */ = {isa = PBXFileReference; lastKnownFileType = sourcecode.c.h; path = ComputePass.h; sourceTree = "<group>"; };
		206D63692B601BD90F377BF5 /* RenderPass.h */ = {isa = PBXFileReference; lastKnownFileType = sourcecode.c.h; path = RenderPass.h; sourceTree = "<group>"; };
		338EC7DCAE74C1B8C397D189 /* Config.h */ = {isa = PBXFileReference; lastKnownFileType = sourcecode.c.h; path = Config.h; sourceTree = "<group>"; };
		38F069D0DBE26C7E00B5B5EE /* Types.h */ = {isa = PBXFileReference; lastKnownFileType = sourcecode.c.h; path = Types.h; sourceTree = "<group>"; };
		59334BDAED542AB6DE565EDD /* CopyPass.h */ = {isa = PBXFileReference; lastKnownFileType = sourcecode.c.h; path = CopyPass.h; sourceTree = "<group>"; };
		6251F22589273797656C269E /* ObjectivelyGPU.framework */ = {isa = PBXFileReference; explicitFileType = wrapper.framework; includeInIndex = 0; path = ObjectivelyGPU.framework; sourceTree = BUILT_PRODUCTS_DIR; };
		AA000000000000000000EE01 /* SDL3.xcframework */ = {isa = PBXFileReference; lastKnownFileType = wrapper.xcframework; name = SDL3.xcframework; path = Frameworks/SDL3.xcframework; sourceTree = "<group>"; };
		AA000000000000000000EE02 /* Objectively.xcframework */ = {isa = PBXFileReference; lastKnownFileType = wrapper.xcframework; name = Objectively.xcframework; path = Frameworks/Objectively.xcframework; sourceTree = "<group>"; };
		669BE73362E651792735CB1C /* RenderPass.c */ = {isa = PBXFileReference; lastKnownFileType = sourcecode.c.c; path = RenderPass.c; sourceTree = "<group>"; };
		6C38B23048C269B804E75F03 /* CommandBuffer.c */ = {isa = PBXFileReference; lastKnownFileType = sourcecode.c.c; path = CommandBuffer.c; sourceTree = "<group>"; };
		77315F9BC357C97B885E883C /* RenderDevice.c */ = {isa = PBXFileReference; lastKnownFileType = sourcecode.c.c; path = RenderDevice.c; sourceTree = "<group>"; };
		9220C57BBAA3C951D8083799 /* RenderDevice.h */ = {isa = PBXFileReference; lastKnownFileType = sourcecode.c.h; path = RenderDevice.h; sourceTree = "<group>"; };
		C16D60B0E94469E649953EC5 /* ObjectivelyGPU.h */ = {isa = PBXFileReference; lastKnownFileType = sourcecode.c.h; path = ObjectivelyGPU.h; sourceTree = "<group>"; };
		C510361664FA37CEC93731E8 /* Renderer.vert.hlsl */ = {isa = PBXFileReference; lastKnownFileType = text; path = Renderer.vert.hlsl; sourceTree = "<group>"; };
		C862954A9DD435C1FF7CD31D /* CopyPass.c */ = {isa = PBXFileReference; lastKnownFileType = sourcecode.c.c; path = CopyPass.c; sourceTree = "<group>"; };
		CEEAAFF72FED833A00FFEBE6 /* COPYING */ = {isa = PBXFileReference; lastKnownFileType = text; path = COPYING; sourceTree = "<group>"; };
		CEEAAFF82FED833A00FFEBE6 /* Makefile.am */ = {isa = PBXFileReference; lastKnownFileType = text; path = Makefile.am; sourceTree = "<group>"; };
		CEEAAFFA2FED833A00FFEBE6 /* README.md */ = {isa = PBXFileReference; lastKnownFileType = net.daringfireball.markdown; path = README.md; sourceTree = "<group>"; };
		CEEAAFFD2FED83E400FFEBE6 /* configure.ac */ = {isa = PBXFileReference; lastKnownFileType = text; path = configure.ac; sourceTree = "<group>"; };
		E71C479F7B60345FDDA44201 /* CommandBuffer.h */ = {isa = PBXFileReference; lastKnownFileType = sourcecode.c.h; path = CommandBuffer.h; sourceTree = "<group>"; };
		ED8024CA4186E352C1EC4CA1 /* ComputePass.c */ = {isa = PBXFileReference; lastKnownFileType = sourcecode.c.c; path = ComputePass.c; sourceTree = "<group>"; };
		FDEE3DD81E43E5CFE68E9519 /* Renderer.frag.hlsl */ = {isa = PBXFileReference; lastKnownFileType = text; path = Renderer.frag.hlsl; sourceTree = "<group>"; };
/* End PBXFileReference section */

/* Begin PBXFrameworksBuildPhase section */
		DE1439ACCFCEB73E6F9981A5 /* Frameworks */ = {
			isa = PBXFrameworksBuildPhase;
			buildActionMask = 2147483647;
			files = (
				AA000000000000000000FF01 /* SDL3.xcframework in Frameworks */,
				AA000000000000000000FF02 /* Objectively.xcframework in Frameworks */,
			);
			runOnlyForDeploymentPostprocessing = 0;
		};
/* End PBXFrameworksBuildPhase section */

/* Begin PBXGroup section */
		8C4FDD7B635240BD562EBB49 = {
			isa = PBXGroup;
			children = (
				AA000000000000000000DD01 /* Frameworks */,
				B23D89B2D2DF3745A003AEB1 /* Products */,
				904A6003E847F129BD1EE63E /* Sources */,
				CEEAAFF72FED833A00FFEBE6 /* COPYING */,
				CEEAAFF82FED833A00FFEBE6 /* Makefile.am */,
				CEEAAFFA2FED833A00FFEBE6 /* README.md */,
				CEEAAFFD2FED83E400FFEBE6 /* configure.ac */,
			);
			sourceTree = "<group>";
		};
		AA000000000000000000DD01 /* Frameworks */ = {
			isa = PBXGroup;
			children = (
				AA000000000000000000EE01 /* SDL3.xcframework */,
				AA000000000000000000EE02 /* Objectively.xcframework */,
			);
			name = Frameworks;
			sourceTree = "<group>";
		};
		904A6003E847F129BD1EE63E /* Sources */ = {
			isa = PBXGroup;
			children = (
				AFF3775B279FC0FE4D348FBA /* ObjectivelyGPU */,
				C16D60B0E94469E649953EC5 /* ObjectivelyGPU.h */,
			);
			path = Sources;
			sourceTree = "<group>";
		};
		AFF3775B279FC0FE4D348FBA /* ObjectivelyGPU */ = {
			isa = PBXGroup;
			children = (
				338EC7DCAE74C1B8C397D189 /* Config.h */,
				6C38B23048C269B804E75F03 /* CommandBuffer.c */,
				E71C479F7B60345FDDA44201 /* CommandBuffer.h */,
				ED8024CA4186E352C1EC4CA1 /* ComputePass.c */,
				09B8DD26CDB7926D89445C91 /* ComputePass.h */,
				C862954A9DD435C1FF7CD31D /* CopyPass.c */,
				59334BDAED542AB6DE565EDD /* CopyPass.h */,
				77315F9BC357C97B885E883C /* RenderDevice.c */,
				9220C57BBAA3C951D8083799 /* RenderDevice.h */,
				669BE73362E651792735CB1C /* RenderPass.c */,
				206D63692B601BD90F377BF5 /* RenderPass.h */,
				B0DCC202FC0DE3DD6AD6B538 /* Shaders */,
				38F069D0DBE26C7E00B5B5EE /* Types.h */,
			);
			path = ObjectivelyGPU;
			sourceTree = "<group>";
		};
		B0DCC202FC0DE3DD6AD6B538 /* Shaders */ = {
			isa = PBXGroup;
			children = (
				FDEE3DD81E43E5CFE68E9519 /* Renderer.frag.hlsl */,
				C510361664FA37CEC93731E8 /* Renderer.vert.hlsl */,
			);
			path = Shaders;
			sourceTree = "<group>";
		};
		B23D89B2D2DF3745A003AEB1 /* Products */ = {
			isa = PBXGroup;
			children = (
				6251F22589273797656C269E /* ObjectivelyGPU.framework */,
			);
			name = Products;
			sourceTree = "<group>";
		};
/* End PBXGroup section */

/* Begin PBXHeadersBuildPhase section */
		FAEE1924216535BBA6F1D0CD /* Headers */ = {
			isa = PBXHeadersBuildPhase;
			buildActionMask = 2147483647;
			files = (
				6F351DFD232DA78A42D8B494 /* Config.h in Headers */,
				2A17F0E01E5CC25A431FFBAD /* CommandBuffer.h in Headers */,
				034285033FECAB2D6BD6AE5B /* ComputePass.h in Headers */,
				DF73824CC25298378B451056 /* CopyPass.h in Headers */,
				A09AD953AC672E0DE9D1E26D /* ObjectivelyGPU.h in Headers */,
				59897FC7BCC194032E971A9B /* RenderDevice.h in Headers */,
				683F683E23149C267D613EA0 /* RenderPass.h in Headers */,
				90C29A39257729BE8D4FDDF8 /* Types.h in Headers */,
			);
			runOnlyForDeploymentPostprocessing = 0;
		};
/* End PBXHeadersBuildPhase section */

/* Begin PBXNativeTarget section */
		EA25F2CECA5EE87704453CE2 /* ObjectivelyGPU */ = {
			isa = PBXNativeTarget;
			buildConfigurationList = E0A6C122544D4229709A79AD /* Build configuration list for PBXNativeTarget "ObjectivelyGPU" */;
			buildPhases = (
				3B7DFB0747829707F437ED7F /* Sources */,
				DE1439ACCFCEB73E6F9981A5 /* Frameworks */,
				FAEE1924216535BBA6F1D0CD /* Headers */,
			);
			buildRules = (
			);
			dependencies = (
			);
			name = ObjectivelyGPU;
			productName = ObjectivelyGPU;
			productReference = 6251F22589273797656C269E /* ObjectivelyGPU.framework */;
			productType = "com.apple.product-type.framework";
		};
/* End PBXNativeTarget section */

/* Begin PBXProject section */
		46F86FAA6BBF9AC94A7E4595 /* Project object */ = {
			isa = PBXProject;
			attributes = {
				BuildIndependentTargetsInParallel = YES;
				LastUpgradeCheck = 2650;
				ORGANIZATIONNAME = "https://github.com/jdolan";
				TargetAttributes = {
					EA25F2CECA5EE87704453CE2 = {
						CreatedOnToolsVersion = 16.0;
					};
				};
			};
			buildConfigurationList = 406C6DFE431ECD1665C1EE27 /* Build configuration list for PBXProject "ObjectivelyGPU" */;
			compatibilityVersion = "Xcode 14.0";
			developmentRegion = en;
			hasScannedForEncodings = 0;
			knownRegions = (
				en,
				Base,
			);
			mainGroup = 8C4FDD7B635240BD562EBB49;
			productRefGroup = B23D89B2D2DF3745A003AEB1 /* Products */;
			projectDirPath = "";
			projectRoot = "";
			targets = (
				EA25F2CECA5EE87704453CE2 /* ObjectivelyGPU */,
			);
		};
/* End PBXProject section */

/* Begin PBXSourcesBuildPhase section */
		3B7DFB0747829707F437ED7F /* Sources */ = {
			isa = PBXSourcesBuildPhase;
			buildActionMask = 2147483647;
			files = (
				36FBB92ACB08F2078D50C84D /* CommandBuffer.c in Sources */,
				F73340493879CD8034F99D51 /* ComputePass.c in Sources */,
				CCCB11DB70E4A962360A2119 /* CopyPass.c in Sources */,
				86E5132F5DCCB6B674151343 /* RenderDevice.c in Sources */,
				FF30FF2D56F9E4EA3C492CBB /* RenderPass.c in Sources */,
			);
			runOnlyForDeploymentPostprocessing = 0;
		};
/* End PBXSourcesBuildPhase section */

/* Begin XCBuildConfiguration section */
		02E8EA186897855DF59BB780 /* Release */ = {
			isa = XCBuildConfiguration;
			buildSettings = {
				COMBINE_HIDPI_IMAGES = YES;
				DEFINES_MODULE = YES;
				DYLIB_COMPATIBILITY_VERSION = 1;
				DYLIB_CURRENT_VERSION = 1;
				ENABLE_USER_SCRIPT_SANDBOXING = YES;
				FRAMEWORK_SEARCH_PATHS = (
					"$(inherited)",
					"$(SRCROOT)/Frameworks",
				);
				FRAMEWORK_VERSION = A;
				GENERATE_INFOPLIST_FILE = YES;
				HEADER_SEARCH_PATHS = (
					"$(inherited)",
					"$(SRCROOT)/Sources",
					/usr/local/include,
					/opt/homebrew/include,
				);
				INSTALL_PATH = "$(LOCAL_LIBRARY_DIR)/Frameworks";
				LD_RUNPATH_SEARCH_PATHS = (
					"$(inherited)",
					"@executable_path/../Frameworks",
					"@loader_path/Frameworks",
				);
				PRODUCT_BUNDLE_IDENTIFIER = com.github.jdolan.ObjectivelyGPU;
				PRODUCT_NAME = "$(TARGET_NAME)";
				SKIP_INSTALL = YES;
				VERSIONING_SYSTEM = "apple-generic";
			};
			name = Release;
		};
		AEC4259544188C1FBB7E4C07 /* Debug */ = {
			isa = XCBuildConfiguration;
			buildSettings = {
				COMBINE_HIDPI_IMAGES = YES;
				DEFINES_MODULE = YES;
				DYLIB_COMPATIBILITY_VERSION = 1;
				DYLIB_CURRENT_VERSION = 1;
				ENABLE_USER_SCRIPT_SANDBOXING = YES;
				FRAMEWORK_SEARCH_PATHS = (
					"$(inherited)",
					"$(SRCROOT)/Frameworks",
				);
				FRAMEWORK_VERSION = A;
				GENERATE_INFOPLIST_FILE = YES;
				HEADER_SEARCH_PATHS = (
					"$(inherited)",
					"$(SRCROOT)/Sources",
					/usr/local/include,
					/opt/homebrew/include,
				);
				INSTALL_PATH = "$(LOCAL_LIBRARY_DIR)/Frameworks";
				LD_RUNPATH_SEARCH_PATHS = (
					"$(inherited)",
					"@executable_path/../Frameworks",
					"@loader_path/Frameworks",
				);
				PRODUCT_BUNDLE_IDENTIFIER = com.github.jdolan.ObjectivelyGPU;
				PRODUCT_NAME = "$(TARGET_NAME)";
				SKIP_INSTALL = YES;
				VERSIONING_SYSTEM = "apple-generic";
			};
			name = Debug;
		};
		B7DC821DF56771B677CD9D20 /* Release */ = {
			isa = XCBuildConfiguration;
			buildSettings = {
				ALWAYS_SEARCH_USER_PATHS = NO;
				CLANG_ENABLE_MODULES = YES;
				COPY_PHASE_STRIP = NO;
				DEBUG_INFORMATION_FORMAT = "dwarf-with-dsym";
				ENABLE_NS_ASSERTIONS = NO;
				ENABLE_STRICT_OBJC_MSGSEND = YES;
				GCC_C_LANGUAGE_STANDARD = gnu23;
				MTL_ENABLE_DEBUG_INFO = NO;
				SDKROOT = macosx;
				VALIDATE_PRODUCT = YES;
			};
			name = Release;
		};
		E9B05C51385583BE376E321C /* Debug */ = {
			isa = XCBuildConfiguration;
			buildSettings = {
				ALWAYS_SEARCH_USER_PATHS = NO;
				CLANG_ENABLE_MODULES = YES;
				COPY_PHASE_STRIP = NO;
				DEBUG_INFORMATION_FORMAT = dwarf;
				ENABLE_STRICT_OBJC_MSGSEND = YES;
				GCC_C_LANGUAGE_STANDARD = gnu23;
				GCC_DYNAMIC_NO_PIC = NO;
				GCC_OPTIMIZATION_LEVEL = 0;
				GCC_PREPROCESSOR_DEFINITIONS = (
					"DEBUG=1",
					"$(inherited)",
				);
				MTL_ENABLE_DEBUG_INFO = INCLUDE_SOURCE;
				ONLY_ACTIVE_ARCH = YES;
				SDKROOT = macosx;
			};
			name = Debug;
		};
/* End XCBuildConfiguration section */

/* Begin XCConfigurationList section */
		406C6DFE431ECD1665C1EE27 /* Build configuration list for PBXProject "ObjectivelyGPU" */ = {
			isa = XCConfigurationList;
			buildConfigurations = (
				E9B05C51385583BE376E321C /* Debug */,
				B7DC821DF56771B677CD9D20 /* Release */,
			);
			defaultConfigurationIsVisible = 0;
			defaultConfigurationName = Release;
		};
		E0A6C122544D4229709A79AD /* Build configuration list for PBXNativeTarget "ObjectivelyGPU" */ = {
			isa = XCConfigurationList;
			buildConfigurations = (
				AEC4259544188C1FBB7E4C07 /* Debug */,
				02E8EA186897855DF59BB780 /* Release */,
			);
			defaultConfigurationIsVisible = 0;
			defaultConfigurationName = Release;
		};
/* End XCConfigurationList section */
	};
	rootObject = 46F86FAA6BBF9AC94A7E4595 /* Project object */;
}
